
Microsoft Visual Studio Solution File, Format Version 12.00
# Visual Studio 2013
VisualStudioVersion = 12.0.40629.0
MinimumVisualStudioVersion = 10.0.40219.1
Project("{FAE04EC0-301F-11D3-BF4B-00C04F79EFBC}") = "FreedomVoiceAndroid", "FreedomVoiceAndroid\FreedomVoiceAndroid.csproj", "{7E59F8D9-423C-448C-B809-33738074E77B}"
EndProject
Project("{FAE04EC0-301F-11D3-BF4B-00C04F79EFBC}") = "FreedomVoice.Core", "FreedomVoice.Core\FreedomVoice.Core.csproj", "{F4FC9F9F-082C-4F29-977A-DA7EC449BA56}"
EndProject
Project("{FAE04EC0-301F-11D3-BF4B-00C04F79EFBC}") = "TestApp", "TestApp\TestApp.csproj", "{4749737D-B1DA-43C0-A869-DCD70848FD5C}"
EndProject
Project("{FAE04EC0-301F-11D3-BF4B-00C04F79EFBC}") = "FreedomVoice.iOS", "FreedomVoice.iOS\FreedomVoice.iOS.csproj", "{42B6DC7E-903E-495B-9BEF-053D35506CBB}"
EndProject
Global
	GlobalSection(SolutionConfigurationPlatforms) = preSolution
		Ad-Hoc|Any CPU = Ad-Hoc|Any CPU
		Ad-Hoc|iPhone = Ad-Hoc|iPhone
		Ad-Hoc|iPhoneSimulator = Ad-Hoc|iPhoneSimulator
		Ad-Hoc|Mixed Platforms = Ad-Hoc|Mixed Platforms
		AppStore|Any CPU = AppStore|Any CPU
		AppStore|iPhone = AppStore|iPhone
		AppStore|iPhoneSimulator = AppStore|iPhoneSimulator
		AppStore|Mixed Platforms = AppStore|Mixed Platforms
		Debug|Any CPU = Debug|Any CPU
		Debug|iPhone = Debug|iPhone
		Debug|iPhoneSimulator = Debug|iPhoneSimulator
		Debug|Mixed Platforms = Debug|Mixed Platforms
		Release|Any CPU = Release|Any CPU
		Release|iPhone = Release|iPhone
		Release|iPhoneSimulator = Release|iPhoneSimulator
		Release|Mixed Platforms = Release|Mixed Platforms
	EndGlobalSection
	GlobalSection(ProjectConfigurationPlatforms) = postSolution
		{7E59F8D9-423C-448C-B809-33738074E77B}.Ad-Hoc|Any CPU.ActiveCfg = Release|Any CPU
		{7E59F8D9-423C-448C-B809-33738074E77B}.Ad-Hoc|Any CPU.Build.0 = Release|Any CPU
		{7E59F8D9-423C-448C-B809-33738074E77B}.Ad-Hoc|Any CPU.Deploy.0 = Release|Any CPU
		{7E59F8D9-423C-448C-B809-33738074E77B}.Ad-Hoc|iPhone.ActiveCfg = Release|Any CPU
		{7E59F8D9-423C-448C-B809-33738074E77B}.Ad-Hoc|iPhoneSimulator.ActiveCfg = Release|Any CPU
		{7E59F8D9-423C-448C-B809-33738074E77B}.Ad-Hoc|Mixed Platforms.ActiveCfg = Release|Any CPU
		{7E59F8D9-423C-448C-B809-33738074E77B}.Ad-Hoc|Mixed Platforms.Build.0 = Release|Any CPU
		{7E59F8D9-423C-448C-B809-33738074E77B}.Ad-Hoc|Mixed Platforms.Deploy.0 = Release|Any CPU
		{7E59F8D9-423C-448C-B809-33738074E77B}.AppStore|Any CPU.ActiveCfg = Release|Any CPU
		{7E59F8D9-423C-448C-B809-33738074E77B}.AppStore|Any CPU.Build.0 = Release|Any CPU
		{7E59F8D9-423C-448C-B809-33738074E77B}.AppStore|Any CPU.Deploy.0 = Release|Any CPU
		{7E59F8D9-423C-448C-B809-33738074E77B}.AppStore|iPhone.ActiveCfg = Release|Any CPU
		{7E59F8D9-423C-448C-B809-33738074E77B}.AppStore|iPhoneSimulator.ActiveCfg = Release|Any CPU
		{7E59F8D9-423C-448C-B809-33738074E77B}.AppStore|Mixed Platforms.ActiveCfg = Release|Any CPU
		{7E59F8D9-423C-448C-B809-33738074E77B}.AppStore|Mixed Platforms.Build.0 = Release|Any CPU
		{7E59F8D9-423C-448C-B809-33738074E77B}.AppStore|Mixed Platforms.Deploy.0 = Release|Any CPU
		{7E59F8D9-423C-448C-B809-33738074E77B}.Debug|Any CPU.ActiveCfg = Debug|Any CPU
		{7E59F8D9-423C-448C-B809-33738074E77B}.Debug|Any CPU.Build.0 = Debug|Any CPU
		{7E59F8D9-423C-448C-B809-33738074E77B}.Debug|Any CPU.Deploy.0 = Debug|Any CPU
		{7E59F8D9-423C-448C-B809-33738074E77B}.Debug|iPhone.ActiveCfg = Debug|Any CPU
		{7E59F8D9-423C-448C-B809-33738074E77B}.Debug|iPhoneSimulator.ActiveCfg = Debug|Any CPU
		{7E59F8D9-423C-448C-B809-33738074E77B}.Debug|Mixed Platforms.ActiveCfg = Debug|Any CPU
		{7E59F8D9-423C-448C-B809-33738074E77B}.Debug|Mixed Platforms.Build.0 = Debug|Any CPU
		{7E59F8D9-423C-448C-B809-33738074E77B}.Debug|Mixed Platforms.Deploy.0 = Debug|Any CPU
		{7E59F8D9-423C-448C-B809-33738074E77B}.Release|Any CPU.ActiveCfg = Release|Any CPU
		{7E59F8D9-423C-448C-B809-33738074E77B}.Release|Any CPU.Build.0 = Release|Any CPU
		{7E59F8D9-423C-448C-B809-33738074E77B}.Release|Any CPU.Deploy.0 = Release|Any CPU
		{7E59F8D9-423C-448C-B809-33738074E77B}.Release|iPhone.ActiveCfg = Release|Any CPU
		{7E59F8D9-423C-448C-B809-33738074E77B}.Release|iPhoneSimulator.ActiveCfg = Release|Any CPU
		{7E59F8D9-423C-448C-B809-33738074E77B}.Release|Mixed Platforms.ActiveCfg = Release|Any CPU
		{7E59F8D9-423C-448C-B809-33738074E77B}.Release|Mixed Platforms.Build.0 = Release|Any CPU
		{7E59F8D9-423C-448C-B809-33738074E77B}.Release|Mixed Platforms.Deploy.0 = Release|Any CPU
		{F4FC9F9F-082C-4F29-977A-DA7EC449BA56}.Ad-Hoc|Any CPU.ActiveCfg = Release|Any CPU
		{F4FC9F9F-082C-4F29-977A-DA7EC449BA56}.Ad-Hoc|Any CPU.Build.0 = Release|Any CPU
		{F4FC9F9F-082C-4F29-977A-DA7EC449BA56}.Ad-Hoc|iPhone.ActiveCfg = Release|Any CPU
		{F4FC9F9F-082C-4F29-977A-DA7EC449BA56}.Ad-Hoc|iPhoneSimulator.ActiveCfg = Release|Any CPU
		{F4FC9F9F-082C-4F29-977A-DA7EC449BA56}.Ad-Hoc|Mixed Platforms.ActiveCfg = Release|Any CPU
		{F4FC9F9F-082C-4F29-977A-DA7EC449BA56}.Ad-Hoc|Mixed Platforms.Build.0 = Release|Any CPU
		{F4FC9F9F-082C-4F29-977A-DA7EC449BA56}.AppStore|Any CPU.ActiveCfg = Release|Any CPU
		{F4FC9F9F-082C-4F29-977A-DA7EC449BA56}.AppStore|Any CPU.Build.0 = Release|Any CPU
		{F4FC9F9F-082C-4F29-977A-DA7EC449BA56}.AppStore|iPhone.ActiveCfg = Release|Any CPU
		{F4FC9F9F-082C-4F29-977A-DA7EC449BA56}.AppStore|iPhoneSimulator.ActiveCfg = Release|Any CPU
		{F4FC9F9F-082C-4F29-977A-DA7EC449BA56}.AppStore|Mixed Platforms.ActiveCfg = Release|Any CPU
		{F4FC9F9F-082C-4F29-977A-DA7EC449BA56}.AppStore|Mixed Platforms.Build.0 = Release|Any CPU
		{F4FC9F9F-082C-4F29-977A-DA7EC449BA56}.Debug|Any CPU.ActiveCfg = Debug|Any CPU
		{F4FC9F9F-082C-4F29-977A-DA7EC449BA56}.Debug|Any CPU.Build.0 = Debug|Any CPU
		{F4FC9F9F-082C-4F29-977A-DA7EC449BA56}.Debug|iPhone.ActiveCfg = Debug|Any CPU
		{F4FC9F9F-082C-4F29-977A-DA7EC449BA56}.Debug|iPhoneSimulator.ActiveCfg = Debug|Any CPU
		{F4FC9F9F-082C-4F29-977A-DA7EC449BA56}.Debug|Mixed Platforms.ActiveCfg = Debug|Any CPU
		{F4FC9F9F-082C-4F29-977A-DA7EC449BA56}.Debug|Mixed Platforms.Build.0 = Debug|Any CPU
		{F4FC9F9F-082C-4F29-977A-DA7EC449BA56}.Release|Any CPU.ActiveCfg = Release|Any CPU
		{F4FC9F9F-082C-4F29-977A-DA7EC449BA56}.Release|Any CPU.Build.0 = Release|Any CPU
		{F4FC9F9F-082C-4F29-977A-DA7EC449BA56}.Release|iPhone.ActiveCfg = Release|Any CPU
		{F4FC9F9F-082C-4F29-977A-DA7EC449BA56}.Release|iPhoneSimulator.ActiveCfg = Release|Any CPU
		{F4FC9F9F-082C-4F29-977A-DA7EC449BA56}.Release|Mixed Platforms.ActiveCfg = Release|Any CPU
		{F4FC9F9F-082C-4F29-977A-DA7EC449BA56}.Release|Mixed Platforms.Build.0 = Release|Any CPU
		{4749737D-B1DA-43C0-A869-DCD70848FD5C}.Ad-Hoc|Any CPU.ActiveCfg = Release|Any CPU
		{4749737D-B1DA-43C0-A869-DCD70848FD5C}.Ad-Hoc|Any CPU.Build.0 = Release|Any CPU
		{4749737D-B1DA-43C0-A869-DCD70848FD5C}.Ad-Hoc|iPhone.ActiveCfg = Release|Any CPU
		{4749737D-B1DA-43C0-A869-DCD70848FD5C}.Ad-Hoc|iPhoneSimulator.ActiveCfg = Release|Any CPU
		{4749737D-B1DA-43C0-A869-DCD70848FD5C}.Ad-Hoc|Mixed Platforms.ActiveCfg = Release|Any CPU
		{4749737D-B1DA-43C0-A869-DCD70848FD5C}.Ad-Hoc|Mixed Platforms.Build.0 = Release|Any CPU
		{4749737D-B1DA-43C0-A869-DCD70848FD5C}.AppStore|Any CPU.ActiveCfg = Release|Any CPU
		{4749737D-B1DA-43C0-A869-DCD70848FD5C}.AppStore|Any CPU.Build.0 = Release|Any CPU
		{4749737D-B1DA-43C0-A869-DCD70848FD5C}.AppStore|iPhone.ActiveCfg = Release|Any CPU
		{4749737D-B1DA-43C0-A869-DCD70848FD5C}.AppStore|iPhoneSimulator.ActiveCfg = Release|Any CPU
		{4749737D-B1DA-43C0-A869-DCD70848FD5C}.AppStore|Mixed Platforms.ActiveCfg = Release|Any CPU
		{4749737D-B1DA-43C0-A869-DCD70848FD5C}.AppStore|Mixed Platforms.Build.0 = Release|Any CPU
		{4749737D-B1DA-43C0-A869-DCD70848FD5C}.Debug|Any CPU.ActiveCfg = Debug|Any CPU
		{4749737D-B1DA-43C0-A869-DCD70848FD5C}.Debug|Any CPU.Build.0 = Debug|Any CPU
		{4749737D-B1DA-43C0-A869-DCD70848FD5C}.Debug|iPhone.ActiveCfg = Debug|Any CPU
		{4749737D-B1DA-43C0-A869-DCD70848FD5C}.Debug|iPhoneSimulator.ActiveCfg = Debug|Any CPU
		{4749737D-B1DA-43C0-A869-DCD70848FD5C}.Debug|Mixed Platforms.ActiveCfg = Debug|Any CPU
		{4749737D-B1DA-43C0-A869-DCD70848FD5C}.Debug|Mixed Platforms.Build.0 = Debug|Any CPU
		{4749737D-B1DA-43C0-A869-DCD70848FD5C}.Release|Any CPU.ActiveCfg = Release|Any CPU
		{4749737D-B1DA-43C0-A869-DCD70848FD5C}.Release|Any CPU.Build.0 = Release|Any CPU
		{4749737D-B1DA-43C0-A869-DCD70848FD5C}.Release|iPhone.ActiveCfg = Release|Any CPU
		{4749737D-B1DA-43C0-A869-DCD70848FD5C}.Release|iPhoneSimulator.ActiveCfg = Release|Any CPU
		{4749737D-B1DA-43C0-A869-DCD70848FD5C}.Release|Mixed Platforms.ActiveCfg = Release|Any CPU
		{4749737D-B1DA-43C0-A869-DCD70848FD5C}.Release|Mixed Platforms.Build.0 = Release|Any CPU
		{42B6DC7E-903E-495B-9BEF-053D35506CBB}.Ad-Hoc|Any CPU.ActiveCfg = Ad-Hoc|iPhone
		{42B6DC7E-903E-495B-9BEF-053D35506CBB}.Ad-Hoc|iPhone.ActiveCfg = Ad-Hoc|iPhone
		{42B6DC7E-903E-495B-9BEF-053D35506CBB}.Ad-Hoc|iPhone.Build.0 = Ad-Hoc|iPhone
		{42B6DC7E-903E-495B-9BEF-053D35506CBB}.Ad-Hoc|iPhoneSimulator.ActiveCfg = Ad-Hoc|iPhoneSimulator
		{42B6DC7E-903E-495B-9BEF-053D35506CBB}.Ad-Hoc|iPhoneSimulator.Build.0 = Ad-Hoc|iPhoneSimulator
		{42B6DC7E-903E-495B-9BEF-053D35506CBB}.Ad-Hoc|Mixed Platforms.ActiveCfg = Ad-Hoc|iPhone
		{42B6DC7E-903E-495B-9BEF-053D35506CBB}.Ad-Hoc|Mixed Platforms.Build.0 = Ad-Hoc|iPhone
		{42B6DC7E-903E-495B-9BEF-053D35506CBB}.AppStore|Any CPU.ActiveCfg = AppStore|iPhone
		{42B6DC7E-903E-495B-9BEF-053D35506CBB}.AppStore|iPhone.ActiveCfg = AppStore|iPhone
		{42B6DC7E-903E-495B-9BEF-053D35506CBB}.AppStore|iPhone.Build.0 = AppStore|iPhone
		{42B6DC7E-903E-495B-9BEF-053D35506CBB}.AppStore|iPhoneSimulator.ActiveCfg = AppStore|iPhoneSimulator
		{42B6DC7E-903E-495B-9BEF-053D35506CBB}.AppStore|iPhoneSimulator.Build.0 = AppStore|iPhoneSimulator
		{42B6DC7E-903E-495B-9BEF-053D35506CBB}.AppStore|Mixed Platforms.ActiveCfg = AppStore|iPhone
		{42B6DC7E-903E-495B-9BEF-053D35506CBB}.AppStore|Mixed Platforms.Build.0 = AppStore|iPhone
		{42B6DC7E-903E-495B-9BEF-053D35506CBB}.Debug|Any CPU.ActiveCfg = Debug|iPhone
		{42B6DC7E-903E-495B-9BEF-053D35506CBB}.Debug|iPhone.ActiveCfg = Debug|iPhone
		{42B6DC7E-903E-495B-9BEF-053D35506CBB}.Debug|iPhone.Build.0 = Debug|iPhone
		{42B6DC7E-903E-495B-9BEF-053D35506CBB}.Debug|iPhoneSimulator.ActiveCfg = Debug|iPhoneSimulator
		{42B6DC7E-903E-495B-9BEF-053D35506CBB}.Debug|iPhoneSimulator.Build.0 = Debug|iPhoneSimulator
		{42B6DC7E-903E-495B-9BEF-053D35506CBB}.Debug|Mixed Platforms.ActiveCfg = Debug|iPhone
		{42B6DC7E-903E-495B-9BEF-053D35506CBB}.Debug|Mixed Platforms.Build.0 = Debug|iPhone
		{42B6DC7E-903E-495B-9BEF-053D35506CBB}.Release|Any CPU.ActiveCfg = Release|iPhone
		{42B6DC7E-903E-495B-9BEF-053D35506CBB}.Release|iPhone.ActiveCfg = Release|iPhone
		{42B6DC7E-903E-495B-9BEF-053D35506CBB}.Release|iPhone.Build.0 = Release|iPhone
		{42B6DC7E-903E-495B-9BEF-053D35506CBB}.Release|iPhoneSimulator.ActiveCfg = Release|iPhoneSimulator
		{42B6DC7E-903E-495B-9BEF-053D35506CBB}.Release|iPhoneSimulator.Build.0 = Release|iPhoneSimulator
		{42B6DC7E-903E-495B-9BEF-053D35506CBB}.Release|Mixed Platforms.ActiveCfg = Release|iPhone
		{42B6DC7E-903E-495B-9BEF-053D35506CBB}.Release|Mixed Platforms.Build.0 = Release|iPhone
	EndGlobalSection
	GlobalSection(SolutionProperties) = preSolution
		HideSolutionNode = FALSE
	EndGlobalSection
EndGlobal
