
Microsoft Visual Studio Solution File, Format Version 12.00
# Visual Studio 15
VisualStudioVersion = 15.0.28307.539
MinimumVisualStudioVersion = 10.0.40219.1
Project("{FAE04EC0-301F-11D3-BF4B-00C04F79EFBC}") = "FreedomVoiceAndroid", "FreedomVoiceAndroid\FreedomVoiceAndroid.csproj", "{7E59F8D9-423C-448C-B809-33738074E77B}"
EndProject
Project("{FAE04EC0-301F-11D3-BF4B-00C04F79EFBC}") = "FreedomVoice.iOS", "FreedomVoice.iOS\FreedomVoice.iOS.csproj", "{42B6DC7E-903E-495B-9BEF-053D35506CBB}"
EndProject
Project("{9A19103F-16F7-4668-BE54-9A1E7A4F7556}") = "FreedomVoice.Entities", "FreedomVoice.Entities\FreedomVoice.Entities.csproj", "{9C83001C-E1C6-461D-B0D3-1F6BA63000A6}"
EndProject
Project("{9A19103F-16F7-4668-BE54-9A1E7A4F7556}") = "FreedomVoice.Core", "FreedomVoice.Core\FreedomVoice.Core.csproj", "{AA1B2017-3A77-46FA-BC08-35E20FA24DE3}"
EndProject
Project("{9A19103F-16F7-4668-BE54-9A1E7A4F7556}") = "FreedomVoice.ApiTests", "FreedomVoice.ApiTests\FreedomVoice.ApiTests.csproj", "{483C8AA2-8137-4A92-9CED-EC8289091710}"
EndProject
Global
	GlobalSection(SolutionConfigurationPlatforms) = preSolution
		Ad-Hoc|Any CPU = Ad-Hoc|Any CPU
		Ad-Hoc|iPhone = Ad-Hoc|iPhone
		Ad-Hoc|iPhoneSimulator = Ad-Hoc|iPhoneSimulator
		Ad-Hoc|Mixed Platforms = Ad-Hoc|Mixed Platforms
		AppStore|Any CPU = AppStore|Any CPU
		AppStore|iPhone = AppStore|iPhone
		AppStore|iPhoneSimulator = AppStore|iPhoneSimulator
		AppStore|Mixed Platforms = AppStore|Mixed Platforms
		Debug|Any CPU = Debug|Any CPU
		Debug|iPhone = Debug|iPhone
		Debug|iPhoneSimulator = Debug|iPhoneSimulator
		Debug|Mixed Platforms = Debug|Mixed Platforms
		Release|Any CPU = Release|Any CPU
		Release|iPhone = Release|iPhone
		Release|iPhoneSimulator = Release|iPhoneSimulator
		Release|Mixed Platforms = Release|Mixed Platforms
		Trace|Any CPU = Trace|Any CPU
		Trace|iPhone = Trace|iPhone
		Trace|iPhoneSimulator = Trace|iPhoneSimulator
		Trace|Mixed Platforms = Trace|Mixed Platforms
	EndGlobalSection
	GlobalSection(ProjectConfigurationPlatforms) = postSolution
		{7E59F8D9-423C-448C-B809-33738074E77B}.Ad-Hoc|Any CPU.ActiveCfg = Release|Any CPU
		{7E59F8D9-423C-448C-B809-33738074E77B}.Ad-Hoc|Any CPU.Build.0 = Release|Any CPU
		{7E59F8D9-423C-448C-B809-33738074E77B}.Ad-Hoc|Any CPU.Deploy.0 = Release|Any CPU
		{7E59F8D9-423C-448C-B809-33738074E77B}.Ad-Hoc|iPhone.ActiveCfg = Release|Any CPU
		{7E59F8D9-423C-448C-B809-33738074E77B}.Ad-Hoc|iPhoneSimulator.ActiveCfg = Release|Any CPU
		{7E59F8D9-423C-448C-B809-33738074E77B}.Ad-Hoc|Mixed Platforms.ActiveCfg = Release|Any CPU
		{7E59F8D9-423C-448C-B809-33738074E77B}.Ad-Hoc|Mixed Platforms.Build.0 = Release|Any CPU
		{7E59F8D9-423C-448C-B809-33738074E77B}.Ad-Hoc|Mixed Platforms.Deploy.0 = Release|Any CPU
		{7E59F8D9-423C-448C-B809-33738074E77B}.AppStore|Any CPU.ActiveCfg = Release|Any CPU
		{7E59F8D9-423C-448C-B809-33738074E77B}.AppStore|Any CPU.Build.0 = Release|Any CPU
		{7E59F8D9-423C-448C-B809-33738074E77B}.AppStore|Any CPU.Deploy.0 = Release|Any CPU
		{7E59F8D9-423C-448C-B809-33738074E77B}.AppStore|iPhone.ActiveCfg = Release|Any CPU
		{7E59F8D9-423C-448C-B809-33738074E77B}.AppStore|iPhoneSimulator.ActiveCfg = Release|Any CPU
		{7E59F8D9-423C-448C-B809-33738074E77B}.AppStore|Mixed Platforms.ActiveCfg = Release|Any CPU
		{7E59F8D9-423C-448C-B809-33738074E77B}.AppStore|Mixed Platforms.Build.0 = Release|Any CPU
		{7E59F8D9-423C-448C-B809-33738074E77B}.AppStore|Mixed Platforms.Deploy.0 = Release|Any CPU
		{7E59F8D9-423C-448C-B809-33738074E77B}.Debug|Any CPU.ActiveCfg = Debug|Any CPU
		{7E59F8D9-423C-448C-B809-33738074E77B}.Debug|Any CPU.Build.0 = Debug|Any CPU
		{7E59F8D9-423C-448C-B809-33738074E77B}.Debug|Any CPU.Deploy.0 = Debug|Any CPU
		{7E59F8D9-423C-448C-B809-33738074E77B}.Debug|iPhone.ActiveCfg = Debug|Any CPU
		{7E59F8D9-423C-448C-B809-33738074E77B}.Debug|iPhoneSimulator.ActiveCfg = Debug|Any CPU
		{7E59F8D9-423C-448C-B809-33738074E77B}.Debug|Mixed Platforms.ActiveCfg = Debug|Any CPU
		{7E59F8D9-423C-448C-B809-33738074E77B}.Debug|Mixed Platforms.Build.0 = Debug|Any CPU
		{7E59F8D9-423C-448C-B809-33738074E77B}.Debug|Mixed Platforms.Deploy.0 = Debug|Any CPU
		{7E59F8D9-423C-448C-B809-33738074E77B}.Release|Any CPU.ActiveCfg = Release|Any CPU
		{7E59F8D9-423C-448C-B809-33738074E77B}.Release|Any CPU.Build.0 = Release|Any CPU
		{7E59F8D9-423C-448C-B809-33738074E77B}.Release|Any CPU.Deploy.0 = Release|Any CPU
		{7E59F8D9-423C-448C-B809-33738074E77B}.Release|iPhone.ActiveCfg = Release|Any CPU
		{7E59F8D9-423C-448C-B809-33738074E77B}.Release|iPhoneSimulator.ActiveCfg = Release|Any CPU
		{7E59F8D9-423C-448C-B809-33738074E77B}.Release|Mixed Platforms.ActiveCfg = Release|Any CPU
		{7E59F8D9-423C-448C-B809-33738074E77B}.Release|Mixed Platforms.Build.0 = Release|Any CPU
		{7E59F8D9-423C-448C-B809-33738074E77B}.Release|Mixed Platforms.Deploy.0 = Release|Any CPU
		{7E59F8D9-423C-448C-B809-33738074E77B}.Trace|Any CPU.ActiveCfg = Trace|Any CPU
		{7E59F8D9-423C-448C-B809-33738074E77B}.Trace|Any CPU.Build.0 = Trace|Any CPU
		{7E59F8D9-423C-448C-B809-33738074E77B}.Trace|Any CPU.Deploy.0 = Trace|Any CPU
		{7E59F8D9-423C-448C-B809-33738074E77B}.Trace|iPhone.ActiveCfg = Trace|Any CPU
		{7E59F8D9-423C-448C-B809-33738074E77B}.Trace|iPhone.Build.0 = Trace|Any CPU
		{7E59F8D9-423C-448C-B809-33738074E77B}.Trace|iPhone.Deploy.0 = Trace|Any CPU
		{7E59F8D9-423C-448C-B809-33738074E77B}.Trace|iPhoneSimulator.ActiveCfg = Trace|Any CPU
		{7E59F8D9-423C-448C-B809-33738074E77B}.Trace|iPhoneSimulator.Build.0 = Trace|Any CPU
		{7E59F8D9-423C-448C-B809-33738074E77B}.Trace|iPhoneSimulator.Deploy.0 = Trace|Any CPU
		{7E59F8D9-423C-448C-B809-33738074E77B}.Trace|Mixed Platforms.ActiveCfg = Trace|Any CPU
		{7E59F8D9-423C-448C-B809-33738074E77B}.Trace|Mixed Platforms.Build.0 = Trace|Any CPU
		{7E59F8D9-423C-448C-B809-33738074E77B}.Trace|Mixed Platforms.Deploy.0 = Trace|Any CPU
		{42B6DC7E-903E-495B-9BEF-053D35506CBB}.Ad-Hoc|Any CPU.ActiveCfg = Ad-Hoc|iPhone
		{42B6DC7E-903E-495B-9BEF-053D35506CBB}.Ad-Hoc|iPhone.ActiveCfg = Ad-Hoc|iPhone
		{42B6DC7E-903E-495B-9BEF-053D35506CBB}.Ad-Hoc|iPhone.Build.0 = Ad-Hoc|iPhone
		{42B6DC7E-903E-495B-9BEF-053D35506CBB}.Ad-Hoc|iPhoneSimulator.ActiveCfg = Ad-Hoc|iPhoneSimulator
		{42B6DC7E-903E-495B-9BEF-053D35506CBB}.Ad-Hoc|iPhoneSimulator.Build.0 = Ad-Hoc|iPhoneSimulator
		{42B6DC7E-903E-495B-9BEF-053D35506CBB}.Ad-Hoc|Mixed Platforms.ActiveCfg = Ad-Hoc|iPhone
		{42B6DC7E-903E-495B-9BEF-053D35506CBB}.Ad-Hoc|Mixed Platforms.Build.0 = Ad-Hoc|iPhone
		{42B6DC7E-903E-495B-9BEF-053D35506CBB}.AppStore|Any CPU.ActiveCfg = AppStore|iPhone
		{42B6DC7E-903E-495B-9BEF-053D35506CBB}.AppStore|iPhone.ActiveCfg = AppStore|iPhone
		{42B6DC7E-903E-495B-9BEF-053D35506CBB}.AppStore|iPhone.Build.0 = AppStore|iPhone
		{42B6DC7E-903E-495B-9BEF-053D35506CBB}.AppStore|iPhoneSimulator.ActiveCfg = AppStore|iPhoneSimulator
		{42B6DC7E-903E-495B-9BEF-053D35506CBB}.AppStore|iPhoneSimulator.Build.0 = AppStore|iPhoneSimulator
		{42B6DC7E-903E-495B-9BEF-053D35506CBB}.AppStore|Mixed Platforms.ActiveCfg = AppStore|iPhone
		{42B6DC7E-903E-495B-9BEF-053D35506CBB}.AppStore|Mixed Platforms.Build.0 = AppStore|iPhone
		{42B6DC7E-903E-495B-9BEF-053D35506CBB}.Debug|Any CPU.ActiveCfg = Debug|iPhone
		{42B6DC7E-903E-495B-9BEF-053D35506CBB}.Debug|iPhone.ActiveCfg = Debug|iPhone
		{42B6DC7E-903E-495B-9BEF-053D35506CBB}.Debug|iPhone.Build.0 = Debug|iPhone
		{42B6DC7E-903E-495B-9BEF-053D35506CBB}.Debug|iPhoneSimulator.ActiveCfg = Debug|iPhoneSimulator
		{42B6DC7E-903E-495B-9BEF-053D35506CBB}.Debug|iPhoneSimulator.Build.0 = Debug|iPhoneSimulator
		{42B6DC7E-903E-495B-9BEF-053D35506CBB}.Debug|Mixed Platforms.ActiveCfg = Debug|iPhone
		{42B6DC7E-903E-495B-9BEF-053D35506CBB}.Debug|Mixed Platforms.Build.0 = Debug|iPhone
		{42B6DC7E-903E-495B-9BEF-053D35506CBB}.Release|Any CPU.ActiveCfg = Release|iPhone
		{42B6DC7E-903E-495B-9BEF-053D35506CBB}.Release|iPhone.ActiveCfg = Release|iPhone
		{42B6DC7E-903E-495B-9BEF-053D35506CBB}.Release|iPhone.Build.0 = Release|iPhone
		{42B6DC7E-903E-495B-9BEF-053D35506CBB}.Release|iPhoneSimulator.ActiveCfg = Release|iPhoneSimulator
		{42B6DC7E-903E-495B-9BEF-053D35506CBB}.Release|iPhoneSimulator.Build.0 = Release|iPhoneSimulator
		{42B6DC7E-903E-495B-9BEF-053D35506CBB}.Release|Mixed Platforms.ActiveCfg = Release|iPhone
		{42B6DC7E-903E-495B-9BEF-053D35506CBB}.Release|Mixed Platforms.Build.0 = Release|iPhone
		{42B6DC7E-903E-495B-9BEF-053D35506CBB}.Trace|Any CPU.ActiveCfg = Release|iPhoneSimulator
		{42B6DC7E-903E-495B-9BEF-053D35506CBB}.Trace|iPhone.ActiveCfg = Release|iPhone
		{42B6DC7E-903E-495B-9BEF-053D35506CBB}.Trace|iPhoneSimulator.ActiveCfg = Release|iPhoneSimulator
		{42B6DC7E-903E-495B-9BEF-053D35506CBB}.Trace|Mixed Platforms.ActiveCfg = Release|iPhoneSimulator
		{9C83001C-E1C6-461D-B0D3-1F6BA63000A6}.Ad-Hoc|Any CPU.ActiveCfg = Debug|Any CPU
		{9C83001C-E1C6-461D-B0D3-1F6BA63000A6}.Ad-Hoc|Any CPU.Build.0 = Debug|Any CPU
		{9C83001C-E1C6-461D-B0D3-1F6BA63000A6}.Ad-Hoc|iPhone.ActiveCfg = Debug|Any CPU
		{9C83001C-E1C6-461D-B0D3-1F6BA63000A6}.Ad-Hoc|iPhone.Build.0 = Debug|Any CPU
		{9C83001C-E1C6-461D-B0D3-1F6BA63000A6}.Ad-Hoc|iPhoneSimulator.ActiveCfg = Debug|Any CPU
		{9C83001C-E1C6-461D-B0D3-1F6BA63000A6}.Ad-Hoc|iPhoneSimulator.Build.0 = Debug|Any CPU
		{9C83001C-E1C6-461D-B0D3-1F6BA63000A6}.Ad-Hoc|Mixed Platforms.ActiveCfg = Debug|Any CPU
		{9C83001C-E1C6-461D-B0D3-1F6BA63000A6}.Ad-Hoc|Mixed Platforms.Build.0 = Debug|Any CPU
		{9C83001C-E1C6-461D-B0D3-1F6BA63000A6}.AppStore|Any CPU.ActiveCfg = Debug|Any CPU
		{9C83001C-E1C6-461D-B0D3-1F6BA63000A6}.AppStore|Any CPU.Build.0 = Debug|Any CPU
		{9C83001C-E1C6-461D-B0D3-1F6BA63000A6}.AppStore|iPhone.ActiveCfg = Debug|Any CPU
		{9C83001C-E1C6-461D-B0D3-1F6BA63000A6}.AppStore|iPhone.Build.0 = Debug|Any CPU
		{9C83001C-E1C6-461D-B0D3-1F6BA63000A6}.AppStore|iPhoneSimulator.ActiveCfg = Debug|Any CPU
		{9C83001C-E1C6-461D-B0D3-1F6BA63000A6}.AppStore|iPhoneSimulator.Build.0 = Debug|Any CPU
		{9C83001C-E1C6-461D-B0D3-1F6BA63000A6}.AppStore|Mixed Platforms.ActiveCfg = Debug|Any CPU
		{9C83001C-E1C6-461D-B0D3-1F6BA63000A6}.AppStore|Mixed Platforms.Build.0 = Debug|Any CPU
		{9C83001C-E1C6-461D-B0D3-1F6BA63000A6}.Debug|Any CPU.ActiveCfg = Debug|Any CPU
		{9C83001C-E1C6-461D-B0D3-1F6BA63000A6}.Debug|Any CPU.Build.0 = Debug|Any CPU
		{9C83001C-E1C6-461D-B0D3-1F6BA63000A6}.Debug|iPhone.ActiveCfg = Debug|Any CPU
		{9C83001C-E1C6-461D-B0D3-1F6BA63000A6}.Debug|iPhone.Build.0 = Debug|Any CPU
		{9C83001C-E1C6-461D-B0D3-1F6BA63000A6}.Debug|iPhoneSimulator.ActiveCfg = Debug|Any CPU
		{9C83001C-E1C6-461D-B0D3-1F6BA63000A6}.Debug|iPhoneSimulator.Build.0 = Debug|Any CPU
		{9C83001C-E1C6-461D-B0D3-1F6BA63000A6}.Debug|Mixed Platforms.ActiveCfg = Debug|Any CPU
		{9C83001C-E1C6-461D-B0D3-1F6BA63000A6}.Debug|Mixed Platforms.Build.0 = Debug|Any CPU
		{9C83001C-E1C6-461D-B0D3-1F6BA63000A6}.Release|Any CPU.ActiveCfg = Release|Any CPU
		{9C83001C-E1C6-461D-B0D3-1F6BA63000A6}.Release|Any CPU.Build.0 = Release|Any CPU
		{9C83001C-E1C6-461D-B0D3-1F6BA63000A6}.Release|iPhone.ActiveCfg = Release|Any CPU
		{9C83001C-E1C6-461D-B0D3-1F6BA63000A6}.Release|iPhone.Build.0 = Release|Any CPU
		{9C83001C-E1C6-461D-B0D3-1F6BA63000A6}.Release|iPhoneSimulator.ActiveCfg = Release|Any CPU
		{9C83001C-E1C6-461D-B0D3-1F6BA63000A6}.Release|iPhoneSimulator.Build.0 = Release|Any CPU
		{9C83001C-E1C6-461D-B0D3-1F6BA63000A6}.Release|Mixed Platforms.ActiveCfg = Release|Any CPU
		{9C83001C-E1C6-461D-B0D3-1F6BA63000A6}.Release|Mixed Platforms.Build.0 = Release|Any CPU
		{9C83001C-E1C6-461D-B0D3-1F6BA63000A6}.Trace|Any CPU.ActiveCfg = Debug|Any CPU
		{9C83001C-E1C6-461D-B0D3-1F6BA63000A6}.Trace|Any CPU.Build.0 = Debug|Any CPU
		{9C83001C-E1C6-461D-B0D3-1F6BA63000A6}.Trace|iPhone.ActiveCfg = Debug|Any CPU
		{9C83001C-E1C6-461D-B0D3-1F6BA63000A6}.Trace|iPhone.Build.0 = Debug|Any CPU
		{9C83001C-E1C6-461D-B0D3-1F6BA63000A6}.Trace|iPhoneSimulator.ActiveCfg = Debug|Any CPU
		{9C83001C-E1C6-461D-B0D3-1F6BA63000A6}.Trace|iPhoneSimulator.Build.0 = Debug|Any CPU
		{9C83001C-E1C6-461D-B0D3-1F6BA63000A6}.Trace|Mixed Platforms.ActiveCfg = Debug|Any CPU
		{9C83001C-E1C6-461D-B0D3-1F6BA63000A6}.Trace|Mixed Platforms.Build.0 = Debug|Any CPU
		{AA1B2017-3A77-46FA-BC08-35E20FA24DE3}.Ad-Hoc|Any CPU.ActiveCfg = Debug|Any CPU
		{AA1B2017-3A77-46FA-BC08-35E20FA24DE3}.Ad-Hoc|Any CPU.Build.0 = Debug|Any CPU
		{AA1B2017-3A77-46FA-BC08-35E20FA24DE3}.Ad-Hoc|iPhone.ActiveCfg = Debug|Any CPU
		{AA1B2017-3A77-46FA-BC08-35E20FA24DE3}.Ad-Hoc|iPhone.Build.0 = Debug|Any CPU
		{AA1B2017-3A77-46FA-BC08-35E20FA24DE3}.Ad-Hoc|iPhoneSimulator.ActiveCfg = Debug|Any CPU
		{AA1B2017-3A77-46FA-BC08-35E20FA24DE3}.Ad-Hoc|iPhoneSimulator.Build.0 = Debug|Any CPU
		{AA1B2017-3A77-46FA-BC08-35E20FA24DE3}.Ad-Hoc|Mixed Platforms.ActiveCfg = Debug|Any CPU
		{AA1B2017-3A77-46FA-BC08-35E20FA24DE3}.Ad-Hoc|Mixed Platforms.Build.0 = Debug|Any CPU
		{AA1B2017-3A77-46FA-BC08-35E20FA24DE3}.AppStore|Any CPU.ActiveCfg = Debug|Any CPU
		{AA1B2017-3A77-46FA-BC08-35E20FA24DE3}.AppStore|Any CPU.Build.0 = Debug|Any CPU
		{AA1B2017-3A77-46FA-BC08-35E20FA24DE3}.AppStore|iPhone.ActiveCfg = Debug|Any CPU
		{AA1B2017-3A77-46FA-BC08-35E20FA24DE3}.AppStore|iPhone.Build.0 = Debug|Any CPU
		{AA1B2017-3A77-46FA-BC08-35E20FA24DE3}.AppStore|iPhoneSimulator.ActiveCfg = Debug|Any CPU
		{AA1B2017-3A77-46FA-BC08-35E20FA24DE3}.AppStore|iPhoneSimulator.Build.0 = Debug|Any CPU
		{AA1B2017-3A77-46FA-BC08-35E20FA24DE3}.AppStore|Mixed Platforms.ActiveCfg = Debug|Any CPU
		{AA1B2017-3A77-46FA-BC08-35E20FA24DE3}.AppStore|Mixed Platforms.Build.0 = Debug|Any CPU
		{AA1B2017-3A77-46FA-BC08-35E20FA24DE3}.Debug|Any CPU.ActiveCfg = Debug|Any CPU
		{AA1B2017-3A77-46FA-BC08-35E20FA24DE3}.Debug|Any CPU.Build.0 = Debug|Any CPU
		{AA1B2017-3A77-46FA-BC08-35E20FA24DE3}.Debug|iPhone.ActiveCfg = Debug|Any CPU
		{AA1B2017-3A77-46FA-BC08-35E20FA24DE3}.Debug|iPhone.Build.0 = Debug|Any CPU
		{AA1B2017-3A77-46FA-BC08-35E20FA24DE3}.Debug|iPhoneSimulator.ActiveCfg = Debug|Any CPU
		{AA1B2017-3A77-46FA-BC08-35E20FA24DE3}.Debug|iPhoneSimulator.Build.0 = Debug|Any CPU
		{AA1B2017-3A77-46FA-BC08-35E20FA24DE3}.Debug|Mixed Platforms.ActiveCfg = Debug|Any CPU
		{AA1B2017-3A77-46FA-BC08-35E20FA24DE3}.Debug|Mixed Platforms.Build.0 = Debug|Any CPU
		{AA1B2017-3A77-46FA-BC08-35E20FA24DE3}.Release|Any CPU.ActiveCfg = Release|Any CPU
		{AA1B2017-3A77-46FA-BC08-35E20FA24DE3}.Release|Any CPU.Build.0 = Release|Any CPU
		{AA1B2017-3A77-46FA-BC08-35E20FA24DE3}.Release|iPhone.ActiveCfg = Release|Any CPU
		{AA1B2017-3A77-46FA-BC08-35E20FA24DE3}.Release|iPhone.Build.0 = Release|Any CPU
		{AA1B2017-3A77-46FA-BC08-35E20FA24DE3}.Release|iPhoneSimulator.ActiveCfg = Release|Any CPU
		{AA1B2017-3A77-46FA-BC08-35E20FA24DE3}.Release|iPhoneSimulator.Build.0 = Release|Any CPU
		{AA1B2017-3A77-46FA-BC08-35E20FA24DE3}.Release|Mixed Platforms.ActiveCfg = Release|Any CPU
		{AA1B2017-3A77-46FA-BC08-35E20FA24DE3}.Release|Mixed Platforms.Build.0 = Release|Any CPU
		{AA1B2017-3A77-46FA-BC08-35E20FA24DE3}.Trace|Any CPU.ActiveCfg = Debug|Any CPU
		{AA1B2017-3A77-46FA-BC08-35E20FA24DE3}.Trace|Any CPU.Build.0 = Debug|Any CPU
		{AA1B2017-3A77-46FA-BC08-35E20FA24DE3}.Trace|iPhone.ActiveCfg = Debug|Any CPU
		{AA1B2017-3A77-46FA-BC08-35E20FA24DE3}.Trace|iPhone.Build.0 = Debug|Any CPU
		{AA1B2017-3A77-46FA-BC08-35E20FA24DE3}.Trace|iPhoneSimulator.ActiveCfg = Debug|Any CPU
		{AA1B2017-3A77-46FA-BC08-35E20FA24DE3}.Trace|iPhoneSimulator.Build.0 = Debug|Any CPU
		{AA1B2017-3A77-46FA-BC08-35E20FA24DE3}.Trace|Mixed Platforms.ActiveCfg = Debug|Any CPU
		{AA1B2017-3A77-46FA-BC08-35E20FA24DE3}.Trace|Mixed Platforms.Build.0 = Debug|Any CPU
		{483C8AA2-8137-4A92-9CED-EC8289091710}.Ad-Hoc|Any CPU.ActiveCfg = Debug|Any CPU
		{483C8AA2-8137-4A92-9CED-EC8289091710}.Ad-Hoc|Any CPU.Build.0 = Debug|Any CPU
		{483C8AA2-8137-4A92-9CED-EC8289091710}.Ad-Hoc|iPhone.ActiveCfg = Debug|Any CPU
		{483C8AA2-8137-4A92-9CED-EC8289091710}.Ad-Hoc|iPhone.Build.0 = Debug|Any CPU
		{483C8AA2-8137-4A92-9CED-EC8289091710}.Ad-Hoc|iPhoneSimulator.ActiveCfg = Debug|Any CPU
		{483C8AA2-8137-4A92-9CED-EC8289091710}.Ad-Hoc|iPhoneSimulator.Build.0 = Debug|Any CPU
		{483C8AA2-8137-4A92-9CED-EC8289091710}.Ad-Hoc|Mixed Platforms.ActiveCfg = Debug|Any CPU
		{483C8AA2-8137-4A92-9CED-EC8289091710}.Ad-Hoc|Mixed Platforms.Build.0 = Debug|Any CPU
		{483C8AA2-8137-4A92-9CED-EC8289091710}.AppStore|Any CPU.ActiveCfg = Debug|Any CPU
		{483C8AA2-8137-4A92-9CED-EC8289091710}.AppStore|Any CPU.Build.0 = Debug|Any CPU
		{483C8AA2-8137-4A92-9CED-EC8289091710}.AppStore|iPhone.ActiveCfg = Debug|Any CPU
		{483C8AA2-8137-4A92-9CED-EC8289091710}.AppStore|iPhone.Build.0 = Debug|Any CPU
		{483C8AA2-8137-4A92-9CED-EC8289091710}.AppStore|iPhoneSimulator.ActiveCfg = Debug|Any CPU
		{483C8AA2-8137-4A92-9CED-EC8289091710}.AppStore|iPhoneSimulator.Build.0 = Debug|Any CPU
		{483C8AA2-8137-4A92-9CED-EC8289091710}.AppStore|Mixed Platforms.ActiveCfg = Debug|Any CPU
		{483C8AA2-8137-4A92-9CED-EC8289091710}.AppStore|Mixed Platforms.Build.0 = Debug|Any CPU
		{483C8AA2-8137-4A92-9CED-EC8289091710}.Debug|Any CPU.ActiveCfg = Debug|Any CPU
		{483C8AA2-8137-4A92-9CED-EC8289091710}.Debug|Any CPU.Build.0 = Debug|Any CPU
		{483C8AA2-8137-4A92-9CED-EC8289091710}.Debug|iPhone.ActiveCfg = Debug|Any CPU
		{483C8AA2-8137-4A92-9CED-EC8289091710}.Debug|iPhone.Build.0 = Debug|Any CPU
		{483C8AA2-8137-4A92-9CED-EC8289091710}.Debug|iPhoneSimulator.ActiveCfg = Debug|Any CPU
		{483C8AA2-8137-4A92-9CED-EC8289091710}.Debug|iPhoneSimulator.Build.0 = Debug|Any CPU
		{483C8AA2-8137-4A92-9CED-EC8289091710}.Debug|Mixed Platforms.ActiveCfg = Debug|Any CPU
		{483C8AA2-8137-4A92-9CED-EC8289091710}.Debug|Mixed Platforms.Build.0 = Debug|Any CPU
		{483C8AA2-8137-4A92-9CED-EC8289091710}.Release|Any CPU.ActiveCfg = Release|Any CPU
		{483C8AA2-8137-4A92-9CED-EC8289091710}.Release|Any CPU.Build.0 = Release|Any CPU
		{483C8AA2-8137-4A92-9CED-EC8289091710}.Release|iPhone.ActiveCfg = Release|Any CPU
		{483C8AA2-8137-4A92-9CED-EC8289091710}.Release|iPhone.Build.0 = Release|Any CPU
		{483C8AA2-8137-4A92-9CED-EC8289091710}.Release|iPhoneSimulator.ActiveCfg = Release|Any CPU
		{483C8AA2-8137-4A92-9CED-EC8289091710}.Release|iPhoneSimulator.Build.0 = Release|Any CPU
		{483C8AA2-8137-4A92-9CED-EC8289091710}.Release|Mixed Platforms.ActiveCfg = Release|Any CPU
		{483C8AA2-8137-4A92-9CED-EC8289091710}.Release|Mixed Platforms.Build.0 = Release|Any CPU
		{483C8AA2-8137-4A92-9CED-EC8289091710}.Trace|Any CPU.ActiveCfg = Debug|Any CPU
		{483C8AA2-8137-4A92-9CED-EC8289091710}.Trace|Any CPU.Build.0 = Debug|Any CPU
		{483C8AA2-8137-4A92-9CED-EC8289091710}.Trace|iPhone.ActiveCfg = Debug|Any CPU
		{483C8AA2-8137-4A92-9CED-EC8289091710}.Trace|iPhone.Build.0 = Debug|Any CPU
		{483C8AA2-8137-4A92-9CED-EC8289091710}.Trace|iPhoneSimulator.ActiveCfg = Debug|Any CPU
		{483C8AA2-8137-4A92-9CED-EC8289091710}.Trace|iPhoneSimulator.Build.0 = Debug|Any CPU
		{483C8AA2-8137-4A92-9CED-EC8289091710}.Trace|Mixed Platforms.ActiveCfg = Debug|Any CPU
		{483C8AA2-8137-4A92-9CED-EC8289091710}.Trace|Mixed Platforms.Build.0 = Debug|Any CPU
	EndGlobalSection
	GlobalSection(SolutionProperties) = preSolution
		HideSolutionNode = FALSE
	EndGlobalSection
	GlobalSection(ExtensibilityGlobals) = postSolution
		SolutionGuid = {5607D291-7BBA-4356-B3AB-BC730882B9AA}
	EndGlobalSection
EndGlobal
