
Microsoft Visual Studio Solution File, Format Version 12.00
# Visual Studio Version 16
VisualStudioVersion = 16.0.29215.179
MinimumVisualStudioVersion = 10.0.40219.1
Project("{FAE04EC0-301F-11D3-BF4B-00C04F79EFBC}") = "FreedomVoiceAndroid", "FreedomVoiceAndroid\FreedomVoiceAndroid.csproj", "{7E59F8D9-423C-448C-B809-33738074E77B}"
EndProject
Project("{FAE04EC0-301F-11D3-BF4B-00C04F79EFBC}") = "FreedomVoice.iOS", "FreedomVoice.iOS\FreedomVoice.iOS.csproj", "{42B6DC7E-903E-495B-9BEF-053D35506CBB}"
	ProjectSection(ProjectDependencies) = postProject
		{98338D11-C6A7-4632-8409-C7468325B429} = {98338D11-C6A7-4632-8409-C7468325B429}
	EndProjectSection
EndProject
Project("{9A19103F-16F7-4668-BE54-9A1E7A4F7556}") = "FreedomVoice.Core", "FreedomVoice.Core\FreedomVoice.Core.csproj", "{AA1B2017-3A77-46FA-BC08-35E20FA24DE3}"
	ProjectSection(ProjectDependencies) = postProject
		{98338D11-C6A7-4632-8409-C7468325B429} = {98338D11-C6A7-4632-8409-C7468325B429}
	EndProjectSection
EndProject
Project("{9A19103F-16F7-4668-BE54-9A1E7A4F7556}") = "FreedomVoice.DAL", "FreedomVoice.DAL\FreedomVoice.DAL.csproj", "{7118A53F-93AF-4FAD-A18F-5CF6F6289B32}"
EndProject
Project("{FAE04EC0-301F-11D3-BF4B-00C04F79EFBC}") = "FreedomVoice.iOS.NotificationsServiceExtension", "FreedomVoice.iOS.NotificationsServiceExtension\FreedomVoice.iOS.NotificationsServiceExtension.csproj", "{A059CAEB-A0A7-40A1-B70D-7E3A429E387B}"
EndProject
Project("{FAE04EC0-301F-11D3-BF4B-00C04F79EFBC}") = "FreedomVoice.iOS.Core", "FreedomVoice.iOS.Core\FreedomVoice.iOS.Core.csproj", "{6F11EB92-C06F-4592-8ADB-0337410CE27B}"
EndProject
Project("{9A19103F-16F7-4668-BE54-9A1E7A4F7556}") = "FreedomVoice.MigrationHelper", "FreedomVoice.DummyEFConsoleApp\FreedomVoice.MigrationHelper.csproj", "{3E697547-6A66-4924-98B6-F6AF0BA3BD5E}"
EndProject
Project("{9A19103F-16F7-4668-BE54-9A1E7A4F7556}") = "FreedomVoice.ApiTests", "FreedomVoice.ApiTests\FreedomVoice.ApiTests.csproj", "{DECB20A6-6121-4F1C-B24D-11C4E7758BF7}"
EndProject
Project("{9A19103F-16F7-4668-BE54-9A1E7A4F7556}") = "FreedomVoice.Entities", "FreedomVoice.Entities\FreedomVoice.Entities.csproj", "{98338D11-C6A7-4632-8409-C7468325B429}"
EndProject
Global
	GlobalSection(SolutionConfigurationPlatforms) = preSolution
		Ad-Hoc|Any CPU = Ad-Hoc|Any CPU
		Ad-Hoc|iPhone = Ad-Hoc|iPhone
		Ad-Hoc|iPhoneSimulator = Ad-Hoc|iPhoneSimulator
		Ad-Hoc|Mixed Platforms = Ad-Hoc|Mixed Platforms
		AppStore|Any CPU = AppStore|Any CPU
		AppStore|iPhone = AppStore|iPhone
		AppStore|iPhoneSimulator = AppStore|iPhoneSimulator
		AppStore|Mixed Platforms = AppStore|Mixed Platforms
		Debug|Any CPU = Debug|Any CPU
		Debug|iPhone = Debug|iPhone
		Debug|iPhoneSimulator = Debug|iPhoneSimulator
		Debug|Mixed Platforms = Debug|Mixed Platforms
		Release|Any CPU = Release|Any CPU
		Release|iPhone = Release|iPhone
		Release|iPhoneSimulator = Release|iPhoneSimulator
		Release|Mixed Platforms = Release|Mixed Platforms
		Trace|Any CPU = Trace|Any CPU
		Trace|iPhone = Trace|iPhone
		Trace|iPhoneSimulator = Trace|iPhoneSimulator
		Trace|Mixed Platforms = Trace|Mixed Platforms
	EndGlobalSection
	GlobalSection(ProjectConfigurationPlatforms) = postSolution
		{7E59F8D9-423C-448C-B809-33738074E77B}.Ad-Hoc|Any CPU.ActiveCfg = Release|Any CPU
		{7E59F8D9-423C-448C-B809-33738074E77B}.Ad-Hoc|Any CPU.Build.0 = Release|Any CPU
		{7E59F8D9-423C-448C-B809-33738074E77B}.Ad-Hoc|Any CPU.Deploy.0 = Release|Any CPU
		{7E59F8D9-423C-448C-B809-33738074E77B}.Ad-Hoc|iPhone.ActiveCfg = Release|Any CPU
		{7E59F8D9-423C-448C-B809-33738074E77B}.Ad-Hoc|iPhoneSimulator.ActiveCfg = Release|Any CPU
		{7E59F8D9-423C-448C-B809-33738074E77B}.Ad-Hoc|Mixed Platforms.ActiveCfg = Release|Any CPU
		{7E59F8D9-423C-448C-B809-33738074E77B}.Ad-Hoc|Mixed Platforms.Build.0 = Release|Any CPU
		{7E59F8D9-423C-448C-B809-33738074E77B}.Ad-Hoc|Mixed Platforms.Deploy.0 = Release|Any CPU
		{7E59F8D9-423C-448C-B809-33738074E77B}.AppStore|Any CPU.ActiveCfg = Release|Any CPU
		{7E59F8D9-423C-448C-B809-33738074E77B}.AppStore|Any CPU.Build.0 = Release|Any CPU
		{7E59F8D9-423C-448C-B809-33738074E77B}.AppStore|Any CPU.Deploy.0 = Release|Any CPU
		{7E59F8D9-423C-448C-B809-33738074E77B}.AppStore|iPhone.ActiveCfg = Release|Any CPU
		{7E59F8D9-423C-448C-B809-33738074E77B}.AppStore|iPhoneSimulator.ActiveCfg = Release|Any CPU
		{7E59F8D9-423C-448C-B809-33738074E77B}.AppStore|Mixed Platforms.ActiveCfg = Release|Any CPU
		{7E59F8D9-423C-448C-B809-33738074E77B}.AppStore|Mixed Platforms.Build.0 = Release|Any CPU
		{7E59F8D9-423C-448C-B809-33738074E77B}.AppStore|Mixed Platforms.Deploy.0 = Release|Any CPU
		{7E59F8D9-423C-448C-B809-33738074E77B}.Debug|Any CPU.ActiveCfg = Debug|Any CPU
		{7E59F8D9-423C-448C-B809-33738074E77B}.Debug|Any CPU.Build.0 = Debug|Any CPU
		{7E59F8D9-423C-448C-B809-33738074E77B}.Debug|Any CPU.Deploy.0 = Debug|Any CPU
		{7E59F8D9-423C-448C-B809-33738074E77B}.Debug|iPhone.ActiveCfg = Debug|Any CPU
		{7E59F8D9-423C-448C-B809-33738074E77B}.Debug|iPhoneSimulator.ActiveCfg = Debug|Any CPU
		{7E59F8D9-423C-448C-B809-33738074E77B}.Debug|Mixed Platforms.ActiveCfg = Debug|Any CPU
		{7E59F8D9-423C-448C-B809-33738074E77B}.Debug|Mixed Platforms.Build.0 = Debug|Any CPU
		{7E59F8D9-423C-448C-B809-33738074E77B}.Debug|Mixed Platforms.Deploy.0 = Debug|Any CPU
		{7E59F8D9-423C-448C-B809-33738074E77B}.Release|Any CPU.ActiveCfg = Release|Any CPU
		{7E59F8D9-423C-448C-B809-33738074E77B}.Release|Any CPU.Build.0 = Release|Any CPU
		{7E59F8D9-423C-448C-B809-33738074E77B}.Release|Any CPU.Deploy.0 = Release|Any CPU
		{7E59F8D9-423C-448C-B809-33738074E77B}.Release|iPhone.ActiveCfg = Release|Any CPU
		{7E59F8D9-423C-448C-B809-33738074E77B}.Release|iPhoneSimulator.ActiveCfg = Release|Any CPU
		{7E59F8D9-423C-448C-B809-33738074E77B}.Release|Mixed Platforms.ActiveCfg = Release|Any CPU
		{7E59F8D9-423C-448C-B809-33738074E77B}.Release|Mixed Platforms.Build.0 = Release|Any CPU
		{7E59F8D9-423C-448C-B809-33738074E77B}.Release|Mixed Platforms.Deploy.0 = Release|Any CPU
		{7E59F8D9-423C-448C-B809-33738074E77B}.Trace|Any CPU.ActiveCfg = Trace|Any CPU
		{7E59F8D9-423C-448C-B809-33738074E77B}.Trace|Any CPU.Build.0 = Trace|Any CPU
		{7E59F8D9-423C-448C-B809-33738074E77B}.Trace|Any CPU.Deploy.0 = Trace|Any CPU
		{7E59F8D9-423C-448C-B809-33738074E77B}.Trace|iPhone.ActiveCfg = Trace|Any CPU
		{7E59F8D9-423C-448C-B809-33738074E77B}.Trace|iPhone.Build.0 = Trace|Any CPU
		{7E59F8D9-423C-448C-B809-33738074E77B}.Trace|iPhone.Deploy.0 = Trace|Any CPU
		{7E59F8D9-423C-448C-B809-33738074E77B}.Trace|iPhoneSimulator.ActiveCfg = Trace|Any CPU
		{7E59F8D9-423C-448C-B809-33738074E77B}.Trace|iPhoneSimulator.Build.0 = Trace|Any CPU
		{7E59F8D9-423C-448C-B809-33738074E77B}.Trace|iPhoneSimulator.Deploy.0 = Trace|Any CPU
		{7E59F8D9-423C-448C-B809-33738074E77B}.Trace|Mixed Platforms.ActiveCfg = Trace|Any CPU
		{7E59F8D9-423C-448C-B809-33738074E77B}.Trace|Mixed Platforms.Build.0 = Trace|Any CPU
		{7E59F8D9-423C-448C-B809-33738074E77B}.Trace|Mixed Platforms.Deploy.0 = Trace|Any CPU
		{42B6DC7E-903E-495B-9BEF-053D35506CBB}.Ad-Hoc|Any CPU.ActiveCfg = Ad-Hoc|iPhone
		{42B6DC7E-903E-495B-9BEF-053D35506CBB}.Ad-Hoc|iPhone.ActiveCfg = Ad-Hoc|iPhone
		{42B6DC7E-903E-495B-9BEF-053D35506CBB}.Ad-Hoc|iPhone.Build.0 = Ad-Hoc|iPhone
		{42B6DC7E-903E-495B-9BEF-053D35506CBB}.Ad-Hoc|iPhoneSimulator.ActiveCfg = Ad-Hoc|iPhoneSimulator
		{42B6DC7E-903E-495B-9BEF-053D35506CBB}.Ad-Hoc|iPhoneSimulator.Build.0 = Ad-Hoc|iPhoneSimulator
		{42B6DC7E-903E-495B-9BEF-053D35506CBB}.Ad-Hoc|Mixed Platforms.ActiveCfg = Ad-Hoc|iPhone
		{42B6DC7E-903E-495B-9BEF-053D35506CBB}.Ad-Hoc|Mixed Platforms.Build.0 = Ad-Hoc|iPhone
		{42B6DC7E-903E-495B-9BEF-053D35506CBB}.AppStore|Any CPU.ActiveCfg = AppStore|iPhone
		{42B6DC7E-903E-495B-9BEF-053D35506CBB}.AppStore|iPhone.ActiveCfg = AppStore|iPhone
		{42B6DC7E-903E-495B-9BEF-053D35506CBB}.AppStore|iPhone.Build.0 = AppStore|iPhone
		{42B6DC7E-903E-495B-9BEF-053D35506CBB}.AppStore|iPhoneSimulator.ActiveCfg = AppStore|iPhoneSimulator
		{42B6DC7E-903E-495B-9BEF-053D35506CBB}.AppStore|iPhoneSimulator.Build.0 = AppStore|iPhoneSimulator
		{42B6DC7E-903E-495B-9BEF-053D35506CBB}.AppStore|Mixed Platforms.ActiveCfg = AppStore|iPhone
		{42B6DC7E-903E-495B-9BEF-053D35506CBB}.AppStore|Mixed Platforms.Build.0 = AppStore|iPhone
		{42B6DC7E-903E-495B-9BEF-053D35506CBB}.Debug|Any CPU.ActiveCfg = Debug|iPhone
		{42B6DC7E-903E-495B-9BEF-053D35506CBB}.Debug|iPhone.ActiveCfg = Debug|iPhone
		{42B6DC7E-903E-495B-9BEF-053D35506CBB}.Debug|iPhone.Build.0 = Debug|iPhone
		{42B6DC7E-903E-495B-9BEF-053D35506CBB}.Debug|iPhoneSimulator.ActiveCfg = Debug|iPhoneSimulator
		{42B6DC7E-903E-495B-9BEF-053D35506CBB}.Debug|iPhoneSimulator.Build.0 = Debug|iPhoneSimulator
		{42B6DC7E-903E-495B-9BEF-053D35506CBB}.Debug|Mixed Platforms.ActiveCfg = Debug|iPhone
		{42B6DC7E-903E-495B-9BEF-053D35506CBB}.Debug|Mixed Platforms.Build.0 = Debug|iPhone
		{42B6DC7E-903E-495B-9BEF-053D35506CBB}.Release|Any CPU.ActiveCfg = Release|iPhone
		{42B6DC7E-903E-495B-9BEF-053D35506CBB}.Release|iPhone.ActiveCfg = Release|iPhone
		{42B6DC7E-903E-495B-9BEF-053D35506CBB}.Release|iPhone.Build.0 = Release|iPhone
		{42B6DC7E-903E-495B-9BEF-053D35506CBB}.Release|iPhoneSimulator.ActiveCfg = Release|iPhoneSimulator
		{42B6DC7E-903E-495B-9BEF-053D35506CBB}.Release|iPhoneSimulator.Build.0 = Release|iPhoneSimulator
		{42B6DC7E-903E-495B-9BEF-053D35506CBB}.Release|Mixed Platforms.ActiveCfg = Release|iPhone
		{42B6DC7E-903E-495B-9BEF-053D35506CBB}.Release|Mixed Platforms.Build.0 = Release|iPhone
		{42B6DC7E-903E-495B-9BEF-053D35506CBB}.Trace|Any CPU.ActiveCfg = Release|iPhoneSimulator
		{42B6DC7E-903E-495B-9BEF-053D35506CBB}.Trace|iPhone.ActiveCfg = Release|iPhone
		{42B6DC7E-903E-495B-9BEF-053D35506CBB}.Trace|iPhoneSimulator.ActiveCfg = Release|iPhoneSimulator
		{42B6DC7E-903E-495B-9BEF-053D35506CBB}.Trace|Mixed Platforms.ActiveCfg = Release|iPhoneSimulator
		{AA1B2017-3A77-46FA-BC08-35E20FA24DE3}.Ad-Hoc|Any CPU.ActiveCfg = Debug|Any CPU
		{AA1B2017-3A77-46FA-BC08-35E20FA24DE3}.Ad-Hoc|Any CPU.Build.0 = Debug|Any CPU
		{AA1B2017-3A77-46FA-BC08-35E20FA24DE3}.Ad-Hoc|iPhone.ActiveCfg = Debug|Any CPU
		{AA1B2017-3A77-46FA-BC08-35E20FA24DE3}.Ad-Hoc|iPhone.Build.0 = Debug|Any CPU
		{AA1B2017-3A77-46FA-BC08-35E20FA24DE3}.Ad-Hoc|iPhoneSimulator.ActiveCfg = Debug|Any CPU
		{AA1B2017-3A77-46FA-BC08-35E20FA24DE3}.Ad-Hoc|iPhoneSimulator.Build.0 = Debug|Any CPU
		{AA1B2017-3A77-46FA-BC08-35E20FA24DE3}.Ad-Hoc|Mixed Platforms.ActiveCfg = Debug|Any CPU
		{AA1B2017-3A77-46FA-BC08-35E20FA24DE3}.Ad-Hoc|Mixed Platforms.Build.0 = Debug|Any CPU
		{AA1B2017-3A77-46FA-BC08-35E20FA24DE3}.AppStore|Any CPU.ActiveCfg = Debug|Any CPU
		{AA1B2017-3A77-46FA-BC08-35E20FA24DE3}.AppStore|Any CPU.Build.0 = Debug|Any CPU
		{AA1B2017-3A77-46FA-BC08-35E20FA24DE3}.AppStore|iPhone.ActiveCfg = Debug|Any CPU
		{AA1B2017-3A77-46FA-BC08-35E20FA24DE3}.AppStore|iPhone.Build.0 = Debug|Any CPU
		{AA1B2017-3A77-46FA-BC08-35E20FA24DE3}.AppStore|iPhoneSimulator.ActiveCfg = Debug|Any CPU
		{AA1B2017-3A77-46FA-BC08-35E20FA24DE3}.AppStore|iPhoneSimulator.Build.0 = Debug|Any CPU
		{AA1B2017-3A77-46FA-BC08-35E20FA24DE3}.AppStore|Mixed Platforms.ActiveCfg = Debug|Any CPU
		{AA1B2017-3A77-46FA-BC08-35E20FA24DE3}.AppStore|Mixed Platforms.Build.0 = Debug|Any CPU
		{AA1B2017-3A77-46FA-BC08-35E20FA24DE3}.Debug|Any CPU.ActiveCfg = Debug|Any CPU
		{AA1B2017-3A77-46FA-BC08-35E20FA24DE3}.Debug|Any CPU.Build.0 = Debug|Any CPU
		{AA1B2017-3A77-46FA-BC08-35E20FA24DE3}.Debug|iPhone.ActiveCfg = Debug|Any CPU
		{AA1B2017-3A77-46FA-BC08-35E20FA24DE3}.Debug|iPhone.Build.0 = Debug|Any CPU
		{AA1B2017-3A77-46FA-BC08-35E20FA24DE3}.Debug|iPhoneSimulator.ActiveCfg = Debug|Any CPU
		{AA1B2017-3A77-46FA-BC08-35E20FA24DE3}.Debug|iPhoneSimulator.Build.0 = Debug|Any CPU
		{AA1B2017-3A77-46FA-BC08-35E20FA24DE3}.Debug|Mixed Platforms.ActiveCfg = Debug|Any CPU
		{AA1B2017-3A77-46FA-BC08-35E20FA24DE3}.Debug|Mixed Platforms.Build.0 = Debug|Any CPU
		{AA1B2017-3A77-46FA-BC08-35E20FA24DE3}.Release|Any CPU.ActiveCfg = Release|Any CPU
		{AA1B2017-3A77-46FA-BC08-35E20FA24DE3}.Release|Any CPU.Build.0 = Release|Any CPU
		{AA1B2017-3A77-46FA-BC08-35E20FA24DE3}.Release|iPhone.ActiveCfg = Release|Any CPU
		{AA1B2017-3A77-46FA-BC08-35E20FA24DE3}.Release|iPhone.Build.0 = Release|Any CPU
		{AA1B2017-3A77-46FA-BC08-35E20FA24DE3}.Release|iPhoneSimulator.ActiveCfg = Release|Any CPU
		{AA1B2017-3A77-46FA-BC08-35E20FA24DE3}.Release|iPhoneSimulator.Build.0 = Release|Any CPU
		{AA1B2017-3A77-46FA-BC08-35E20FA24DE3}.Release|Mixed Platforms.ActiveCfg = Release|Any CPU
		{AA1B2017-3A77-46FA-BC08-35E20FA24DE3}.Release|Mixed Platforms.Build.0 = Release|Any CPU
		{AA1B2017-3A77-46FA-BC08-35E20FA24DE3}.Trace|Any CPU.ActiveCfg = Debug|Any CPU
		{AA1B2017-3A77-46FA-BC08-35E20FA24DE3}.Trace|Any CPU.Build.0 = Debug|Any CPU
		{AA1B2017-3A77-46FA-BC08-35E20FA24DE3}.Trace|iPhone.ActiveCfg = Debug|Any CPU
		{AA1B2017-3A77-46FA-BC08-35E20FA24DE3}.Trace|iPhone.Build.0 = Debug|Any CPU
		{AA1B2017-3A77-46FA-BC08-35E20FA24DE3}.Trace|iPhoneSimulator.ActiveCfg = Debug|Any CPU
		{AA1B2017-3A77-46FA-BC08-35E20FA24DE3}.Trace|iPhoneSimulator.Build.0 = Debug|Any CPU
		{AA1B2017-3A77-46FA-BC08-35E20FA24DE3}.Trace|Mixed Platforms.ActiveCfg = Debug|Any CPU
		{AA1B2017-3A77-46FA-BC08-35E20FA24DE3}.Trace|Mixed Platforms.Build.0 = Debug|Any CPU
		{7118A53F-93AF-4FAD-A18F-5CF6F6289B32}.Ad-Hoc|Any CPU.ActiveCfg = Debug|Any CPU
		{7118A53F-93AF-4FAD-A18F-5CF6F6289B32}.Ad-Hoc|Any CPU.Build.0 = Debug|Any CPU
		{7118A53F-93AF-4FAD-A18F-5CF6F6289B32}.Ad-Hoc|iPhone.ActiveCfg = Debug|Any CPU
		{7118A53F-93AF-4FAD-A18F-5CF6F6289B32}.Ad-Hoc|iPhone.Build.0 = Debug|Any CPU
		{7118A53F-93AF-4FAD-A18F-5CF6F6289B32}.Ad-Hoc|iPhoneSimulator.ActiveCfg = Debug|Any CPU
		{7118A53F-93AF-4FAD-A18F-5CF6F6289B32}.Ad-Hoc|iPhoneSimulator.Build.0 = Debug|Any CPU
		{7118A53F-93AF-4FAD-A18F-5CF6F6289B32}.Ad-Hoc|Mixed Platforms.ActiveCfg = Debug|Any CPU
		{7118A53F-93AF-4FAD-A18F-5CF6F6289B32}.Ad-Hoc|Mixed Platforms.Build.0 = Debug|Any CPU
		{7118A53F-93AF-4FAD-A18F-5CF6F6289B32}.AppStore|Any CPU.ActiveCfg = Debug|Any CPU
		{7118A53F-93AF-4FAD-A18F-5CF6F6289B32}.AppStore|Any CPU.Build.0 = Debug|Any CPU
		{7118A53F-93AF-4FAD-A18F-5CF6F6289B32}.AppStore|iPhone.ActiveCfg = Debug|Any CPU
		{7118A53F-93AF-4FAD-A18F-5CF6F6289B32}.AppStore|iPhone.Build.0 = Debug|Any CPU
		{7118A53F-93AF-4FAD-A18F-5CF6F6289B32}.AppStore|iPhoneSimulator.ActiveCfg = Debug|Any CPU
		{7118A53F-93AF-4FAD-A18F-5CF6F6289B32}.AppStore|iPhoneSimulator.Build.0 = Debug|Any CPU
		{7118A53F-93AF-4FAD-A18F-5CF6F6289B32}.AppStore|Mixed Platforms.ActiveCfg = Debug|Any CPU
		{7118A53F-93AF-4FAD-A18F-5CF6F6289B32}.AppStore|Mixed Platforms.Build.0 = Debug|Any CPU
		{7118A53F-93AF-4FAD-A18F-5CF6F6289B32}.Debug|Any CPU.ActiveCfg = Debug|Any CPU
		{7118A53F-93AF-4FAD-A18F-5CF6F6289B32}.Debug|Any CPU.Build.0 = Debug|Any CPU
		{7118A53F-93AF-4FAD-A18F-5CF6F6289B32}.Debug|iPhone.ActiveCfg = Debug|Any CPU
		{7118A53F-93AF-4FAD-A18F-5CF6F6289B32}.Debug|iPhone.Build.0 = Debug|Any CPU
		{7118A53F-93AF-4FAD-A18F-5CF6F6289B32}.Debug|iPhoneSimulator.ActiveCfg = Debug|Any CPU
		{7118A53F-93AF-4FAD-A18F-5CF6F6289B32}.Debug|iPhoneSimulator.Build.0 = Debug|Any CPU
		{7118A53F-93AF-4FAD-A18F-5CF6F6289B32}.Debug|Mixed Platforms.ActiveCfg = Debug|Any CPU
		{7118A53F-93AF-4FAD-A18F-5CF6F6289B32}.Debug|Mixed Platforms.Build.0 = Debug|Any CPU
		{7118A53F-93AF-4FAD-A18F-5CF6F6289B32}.Release|Any CPU.ActiveCfg = Release|Any CPU
		{7118A53F-93AF-4FAD-A18F-5CF6F6289B32}.Release|Any CPU.Build.0 = Release|Any CPU
		{7118A53F-93AF-4FAD-A18F-5CF6F6289B32}.Release|iPhone.ActiveCfg = Release|Any CPU
		{7118A53F-93AF-4FAD-A18F-5CF6F6289B32}.Release|iPhone.Build.0 = Release|Any CPU
		{7118A53F-93AF-4FAD-A18F-5CF6F6289B32}.Release|iPhoneSimulator.ActiveCfg = Release|Any CPU
		{7118A53F-93AF-4FAD-A18F-5CF6F6289B32}.Release|iPhoneSimulator.Build.0 = Release|Any CPU
		{7118A53F-93AF-4FAD-A18F-5CF6F6289B32}.Release|Mixed Platforms.ActiveCfg = Release|Any CPU
		{7118A53F-93AF-4FAD-A18F-5CF6F6289B32}.Release|Mixed Platforms.Build.0 = Release|Any CPU
		{7118A53F-93AF-4FAD-A18F-5CF6F6289B32}.Trace|Any CPU.ActiveCfg = Debug|Any CPU
		{7118A53F-93AF-4FAD-A18F-5CF6F6289B32}.Trace|Any CPU.Build.0 = Debug|Any CPU
		{7118A53F-93AF-4FAD-A18F-5CF6F6289B32}.Trace|iPhone.ActiveCfg = Debug|Any CPU
		{7118A53F-93AF-4FAD-A18F-5CF6F6289B32}.Trace|iPhone.Build.0 = Debug|Any CPU
		{7118A53F-93AF-4FAD-A18F-5CF6F6289B32}.Trace|iPhoneSimulator.ActiveCfg = Debug|Any CPU
		{7118A53F-93AF-4FAD-A18F-5CF6F6289B32}.Trace|iPhoneSimulator.Build.0 = Debug|Any CPU
		{7118A53F-93AF-4FAD-A18F-5CF6F6289B32}.Trace|Mixed Platforms.ActiveCfg = Debug|Any CPU
		{7118A53F-93AF-4FAD-A18F-5CF6F6289B32}.Trace|Mixed Platforms.Build.0 = Debug|Any CPU
		{A059CAEB-A0A7-40A1-B70D-7E3A429E387B}.Ad-Hoc|Any CPU.ActiveCfg = Release|iPhone
		{A059CAEB-A0A7-40A1-B70D-7E3A429E387B}.Ad-Hoc|Any CPU.Build.0 = Release|iPhone
		{A059CAEB-A0A7-40A1-B70D-7E3A429E387B}.Ad-Hoc|iPhone.ActiveCfg = Release|iPhone
		{A059CAEB-A0A7-40A1-B70D-7E3A429E387B}.Ad-Hoc|iPhone.Build.0 = Release|iPhone
		{A059CAEB-A0A7-40A1-B70D-7E3A429E387B}.Ad-Hoc|iPhoneSimulator.ActiveCfg = Release|iPhone
		{A059CAEB-A0A7-40A1-B70D-7E3A429E387B}.Ad-Hoc|iPhoneSimulator.Build.0 = Release|iPhone
		{A059CAEB-A0A7-40A1-B70D-7E3A429E387B}.Ad-Hoc|Mixed Platforms.ActiveCfg = Release|iPhone
		{A059CAEB-A0A7-40A1-B70D-7E3A429E387B}.Ad-Hoc|Mixed Platforms.Build.0 = Release|iPhone
		{A059CAEB-A0A7-40A1-B70D-7E3A429E387B}.AppStore|Any CPU.ActiveCfg = Release|iPhone
		{A059CAEB-A0A7-40A1-B70D-7E3A429E387B}.AppStore|Any CPU.Build.0 = Release|iPhone
		{A059CAEB-A0A7-40A1-B70D-7E3A429E387B}.AppStore|iPhone.ActiveCfg = Release|iPhone
		{A059CAEB-A0A7-40A1-B70D-7E3A429E387B}.AppStore|iPhone.Build.0 = Release|iPhone
		{A059CAEB-A0A7-40A1-B70D-7E3A429E387B}.AppStore|iPhoneSimulator.ActiveCfg = Release|iPhone
		{A059CAEB-A0A7-40A1-B70D-7E3A429E387B}.AppStore|iPhoneSimulator.Build.0 = Release|iPhone
		{A059CAEB-A0A7-40A1-B70D-7E3A429E387B}.AppStore|Mixed Platforms.ActiveCfg = Release|iPhone
		{A059CAEB-A0A7-40A1-B70D-7E3A429E387B}.AppStore|Mixed Platforms.Build.0 = Release|iPhone
		{A059CAEB-A0A7-40A1-B70D-7E3A429E387B}.Debug|Any CPU.ActiveCfg = Debug|iPhone
		{A059CAEB-A0A7-40A1-B70D-7E3A429E387B}.Debug|Any CPU.Build.0 = Debug|iPhone
		{A059CAEB-A0A7-40A1-B70D-7E3A429E387B}.Debug|iPhone.ActiveCfg = Debug|iPhone
		{A059CAEB-A0A7-40A1-B70D-7E3A429E387B}.Debug|iPhone.Build.0 = Debug|iPhone
		{A059CAEB-A0A7-40A1-B70D-7E3A429E387B}.Debug|iPhoneSimulator.ActiveCfg = Debug|iPhoneSimulator
		{A059CAEB-A0A7-40A1-B70D-7E3A429E387B}.Debug|iPhoneSimulator.Build.0 = Debug|iPhoneSimulator
		{A059CAEB-A0A7-40A1-B70D-7E3A429E387B}.Debug|Mixed Platforms.ActiveCfg = Debug|iPhone
		{A059CAEB-A0A7-40A1-B70D-7E3A429E387B}.Debug|Mixed Platforms.Build.0 = Debug|iPhone
		{A059CAEB-A0A7-40A1-B70D-7E3A429E387B}.Release|Any CPU.ActiveCfg = Release|iPhone
		{A059CAEB-A0A7-40A1-B70D-7E3A429E387B}.Release|Any CPU.Build.0 = Release|iPhone
		{A059CAEB-A0A7-40A1-B70D-7E3A429E387B}.Release|iPhone.ActiveCfg = Release|iPhone
		{A059CAEB-A0A7-40A1-B70D-7E3A429E387B}.Release|iPhone.Build.0 = Release|iPhone
		{A059CAEB-A0A7-40A1-B70D-7E3A429E387B}.Release|iPhoneSimulator.ActiveCfg = Release|iPhoneSimulator
		{A059CAEB-A0A7-40A1-B70D-7E3A429E387B}.Release|iPhoneSimulator.Build.0 = Release|iPhoneSimulator
		{A059CAEB-A0A7-40A1-B70D-7E3A429E387B}.Release|Mixed Platforms.ActiveCfg = Release|iPhone
		{A059CAEB-A0A7-40A1-B70D-7E3A429E387B}.Release|Mixed Platforms.Build.0 = Release|iPhone
		{A059CAEB-A0A7-40A1-B70D-7E3A429E387B}.Trace|Any CPU.ActiveCfg = Release|iPhoneSimulator
		{A059CAEB-A0A7-40A1-B70D-7E3A429E387B}.Trace|Any CPU.Build.0 = Release|iPhoneSimulator
		{A059CAEB-A0A7-40A1-B70D-7E3A429E387B}.Trace|iPhone.ActiveCfg = Release|iPhone
		{A059CAEB-A0A7-40A1-B70D-7E3A429E387B}.Trace|iPhone.Build.0 = Release|iPhone
		{A059CAEB-A0A7-40A1-B70D-7E3A429E387B}.Trace|iPhoneSimulator.ActiveCfg = Release|iPhoneSimulator
		{A059CAEB-A0A7-40A1-B70D-7E3A429E387B}.Trace|iPhoneSimulator.Build.0 = Release|iPhoneSimulator
		{A059CAEB-A0A7-40A1-B70D-7E3A429E387B}.Trace|Mixed Platforms.ActiveCfg = Release|iPhoneSimulator
		{A059CAEB-A0A7-40A1-B70D-7E3A429E387B}.Trace|Mixed Platforms.Build.0 = Release|iPhoneSimulator
		{6F11EB92-C06F-4592-8ADB-0337410CE27B}.Ad-Hoc|Any CPU.ActiveCfg = Release|Any CPU
		{6F11EB92-C06F-4592-8ADB-0337410CE27B}.Ad-Hoc|Any CPU.Build.0 = Release|Any CPU
		{6F11EB92-C06F-4592-8ADB-0337410CE27B}.Ad-Hoc|iPhone.ActiveCfg = Release|Any CPU
		{6F11EB92-C06F-4592-8ADB-0337410CE27B}.Ad-Hoc|iPhone.Build.0 = Release|Any CPU
		{6F11EB92-C06F-4592-8ADB-0337410CE27B}.Ad-Hoc|iPhoneSimulator.ActiveCfg = Release|Any CPU
		{6F11EB92-C06F-4592-8ADB-0337410CE27B}.Ad-Hoc|iPhoneSimulator.Build.0 = Release|Any CPU
		{6F11EB92-C06F-4592-8ADB-0337410CE27B}.Ad-Hoc|Mixed Platforms.ActiveCfg = Release|Any CPU
		{6F11EB92-C06F-4592-8ADB-0337410CE27B}.Ad-Hoc|Mixed Platforms.Build.0 = Release|Any CPU
		{6F11EB92-C06F-4592-8ADB-0337410CE27B}.AppStore|Any CPU.ActiveCfg = Release|Any CPU
		{6F11EB92-C06F-4592-8ADB-0337410CE27B}.AppStore|Any CPU.Build.0 = Release|Any CPU
		{6F11EB92-C06F-4592-8ADB-0337410CE27B}.AppStore|iPhone.ActiveCfg = Release|Any CPU
		{6F11EB92-C06F-4592-8ADB-0337410CE27B}.AppStore|iPhone.Build.0 = Release|Any CPU
		{6F11EB92-C06F-4592-8ADB-0337410CE27B}.AppStore|iPhoneSimulator.ActiveCfg = Release|Any CPU
		{6F11EB92-C06F-4592-8ADB-0337410CE27B}.AppStore|iPhoneSimulator.Build.0 = Release|Any CPU
		{6F11EB92-C06F-4592-8ADB-0337410CE27B}.AppStore|Mixed Platforms.ActiveCfg = Release|Any CPU
		{6F11EB92-C06F-4592-8ADB-0337410CE27B}.AppStore|Mixed Platforms.Build.0 = Release|Any CPU
		{6F11EB92-C06F-4592-8ADB-0337410CE27B}.Debug|Any CPU.ActiveCfg = Debug|Any CPU
		{6F11EB92-C06F-4592-8ADB-0337410CE27B}.Debug|Any CPU.Build.0 = Debug|Any CPU
		{6F11EB92-C06F-4592-8ADB-0337410CE27B}.Debug|iPhone.ActiveCfg = Debug|Any CPU
		{6F11EB92-C06F-4592-8ADB-0337410CE27B}.Debug|iPhone.Build.0 = Debug|Any CPU
		{6F11EB92-C06F-4592-8ADB-0337410CE27B}.Debug|iPhoneSimulator.ActiveCfg = Debug|Any CPU
		{6F11EB92-C06F-4592-8ADB-0337410CE27B}.Debug|iPhoneSimulator.Build.0 = Debug|Any CPU
		{6F11EB92-C06F-4592-8ADB-0337410CE27B}.Debug|Mixed Platforms.ActiveCfg = Debug|Any CPU
		{6F11EB92-C06F-4592-8ADB-0337410CE27B}.Debug|Mixed Platforms.Build.0 = Debug|Any CPU
		{6F11EB92-C06F-4592-8ADB-0337410CE27B}.Release|Any CPU.ActiveCfg = Release|Any CPU
		{6F11EB92-C06F-4592-8ADB-0337410CE27B}.Release|Any CPU.Build.0 = Release|Any CPU
		{6F11EB92-C06F-4592-8ADB-0337410CE27B}.Release|iPhone.ActiveCfg = Release|Any CPU
		{6F11EB92-C06F-4592-8ADB-0337410CE27B}.Release|iPhone.Build.0 = Release|Any CPU
		{6F11EB92-C06F-4592-8ADB-0337410CE27B}.Release|iPhoneSimulator.ActiveCfg = Release|Any CPU
		{6F11EB92-C06F-4592-8ADB-0337410CE27B}.Release|iPhoneSimulator.Build.0 = Release|Any CPU
		{6F11EB92-C06F-4592-8ADB-0337410CE27B}.Release|Mixed Platforms.ActiveCfg = Release|Any CPU
		{6F11EB92-C06F-4592-8ADB-0337410CE27B}.Release|Mixed Platforms.Build.0 = Release|Any CPU
		{6F11EB92-C06F-4592-8ADB-0337410CE27B}.Trace|Any CPU.ActiveCfg = Release|Any CPU
		{6F11EB92-C06F-4592-8ADB-0337410CE27B}.Trace|Any CPU.Build.0 = Release|Any CPU
		{6F11EB92-C06F-4592-8ADB-0337410CE27B}.Trace|iPhone.ActiveCfg = Release|Any CPU
		{6F11EB92-C06F-4592-8ADB-0337410CE27B}.Trace|iPhone.Build.0 = Release|Any CPU
		{6F11EB92-C06F-4592-8ADB-0337410CE27B}.Trace|iPhoneSimulator.ActiveCfg = Release|Any CPU
		{6F11EB92-C06F-4592-8ADB-0337410CE27B}.Trace|iPhoneSimulator.Build.0 = Release|Any CPU
		{6F11EB92-C06F-4592-8ADB-0337410CE27B}.Trace|Mixed Platforms.ActiveCfg = Release|Any CPU
		{6F11EB92-C06F-4592-8ADB-0337410CE27B}.Trace|Mixed Platforms.Build.0 = Release|Any CPU
		{3E697547-6A66-4924-98B6-F6AF0BA3BD5E}.Ad-Hoc|Any CPU.ActiveCfg = Debug|Any CPU
		{3E697547-6A66-4924-98B6-F6AF0BA3BD5E}.Ad-Hoc|Any CPU.Build.0 = Debug|Any CPU
		{3E697547-6A66-4924-98B6-F6AF0BA3BD5E}.Ad-Hoc|iPhone.ActiveCfg = Debug|Any CPU
		{3E697547-6A66-4924-98B6-F6AF0BA3BD5E}.Ad-Hoc|iPhone.Build.0 = Debug|Any CPU
		{3E697547-6A66-4924-98B6-F6AF0BA3BD5E}.Ad-Hoc|iPhoneSimulator.ActiveCfg = Debug|Any CPU
		{3E697547-6A66-4924-98B6-F6AF0BA3BD5E}.Ad-Hoc|iPhoneSimulator.Build.0 = Debug|Any CPU
		{3E697547-6A66-4924-98B6-F6AF0BA3BD5E}.Ad-Hoc|Mixed Platforms.ActiveCfg = Debug|Any CPU
		{3E697547-6A66-4924-98B6-F6AF0BA3BD5E}.Ad-Hoc|Mixed Platforms.Build.0 = Debug|Any CPU
		{3E697547-6A66-4924-98B6-F6AF0BA3BD5E}.AppStore|Any CPU.ActiveCfg = Debug|Any CPU
		{3E697547-6A66-4924-98B6-F6AF0BA3BD5E}.AppStore|Any CPU.Build.0 = Debug|Any CPU
		{3E697547-6A66-4924-98B6-F6AF0BA3BD5E}.AppStore|iPhone.ActiveCfg = Debug|Any CPU
		{3E697547-6A66-4924-98B6-F6AF0BA3BD5E}.AppStore|iPhone.Build.0 = Debug|Any CPU
		{3E697547-6A66-4924-98B6-F6AF0BA3BD5E}.AppStore|iPhoneSimulator.ActiveCfg = Debug|Any CPU
		{3E697547-6A66-4924-98B6-F6AF0BA3BD5E}.AppStore|iPhoneSimulator.Build.0 = Debug|Any CPU
		{3E697547-6A66-4924-98B6-F6AF0BA3BD5E}.AppStore|Mixed Platforms.ActiveCfg = Debug|Any CPU
		{3E697547-6A66-4924-98B6-F6AF0BA3BD5E}.AppStore|Mixed Platforms.Build.0 = Debug|Any CPU
		{3E697547-6A66-4924-98B6-F6AF0BA3BD5E}.Debug|Any CPU.ActiveCfg = Debug|Any CPU
		{3E697547-6A66-4924-98B6-F6AF0BA3BD5E}.Debug|Any CPU.Build.0 = Debug|Any CPU
		{3E697547-6A66-4924-98B6-F6AF0BA3BD5E}.Debug|iPhone.ActiveCfg = Debug|Any CPU
		{3E697547-6A66-4924-98B6-F6AF0BA3BD5E}.Debug|iPhone.Build.0 = Debug|Any CPU
		{3E697547-6A66-4924-98B6-F6AF0BA3BD5E}.Debug|iPhoneSimulator.ActiveCfg = Debug|Any CPU
		{3E697547-6A66-4924-98B6-F6AF0BA3BD5E}.Debug|iPhoneSimulator.Build.0 = Debug|Any CPU
		{3E697547-6A66-4924-98B6-F6AF0BA3BD5E}.Debug|Mixed Platforms.ActiveCfg = Debug|Any CPU
		{3E697547-6A66-4924-98B6-F6AF0BA3BD5E}.Debug|Mixed Platforms.Build.0 = Debug|Any CPU
		{3E697547-6A66-4924-98B6-F6AF0BA3BD5E}.Release|Any CPU.ActiveCfg = Release|Any CPU
		{3E697547-6A66-4924-98B6-F6AF0BA3BD5E}.Release|Any CPU.Build.0 = Release|Any CPU
		{3E697547-6A66-4924-98B6-F6AF0BA3BD5E}.Release|iPhone.ActiveCfg = Release|Any CPU
		{3E697547-6A66-4924-98B6-F6AF0BA3BD5E}.Release|iPhone.Build.0 = Release|Any CPU
		{3E697547-6A66-4924-98B6-F6AF0BA3BD5E}.Release|iPhoneSimulator.ActiveCfg = Release|Any CPU
		{3E697547-6A66-4924-98B6-F6AF0BA3BD5E}.Release|iPhoneSimulator.Build.0 = Release|Any CPU
		{3E697547-6A66-4924-98B6-F6AF0BA3BD5E}.Release|Mixed Platforms.ActiveCfg = Release|Any CPU
		{3E697547-6A66-4924-98B6-F6AF0BA3BD5E}.Release|Mixed Platforms.Build.0 = Release|Any CPU
		{3E697547-6A66-4924-98B6-F6AF0BA3BD5E}.Trace|Any CPU.ActiveCfg = Debug|Any CPU
		{3E697547-6A66-4924-98B6-F6AF0BA3BD5E}.Trace|Any CPU.Build.0 = Debug|Any CPU
		{3E697547-6A66-4924-98B6-F6AF0BA3BD5E}.Trace|iPhone.ActiveCfg = Debug|Any CPU
		{3E697547-6A66-4924-98B6-F6AF0BA3BD5E}.Trace|iPhone.Build.0 = Debug|Any CPU
		{3E697547-6A66-4924-98B6-F6AF0BA3BD5E}.Trace|iPhoneSimulator.ActiveCfg = Debug|Any CPU
		{3E697547-6A66-4924-98B6-F6AF0BA3BD5E}.Trace|iPhoneSimulator.Build.0 = Debug|Any CPU
		{3E697547-6A66-4924-98B6-F6AF0BA3BD5E}.Trace|Mixed Platforms.ActiveCfg = Debug|Any CPU
		{3E697547-6A66-4924-98B6-F6AF0BA3BD5E}.Trace|Mixed Platforms.Build.0 = Debug|Any CPU
		{DECB20A6-6121-4F1C-B24D-11C4E7758BF7}.Ad-Hoc|Any CPU.ActiveCfg = Debug|Any CPU
		{DECB20A6-6121-4F1C-B24D-11C4E7758BF7}.Ad-Hoc|Any CPU.Build.0 = Debug|Any CPU
		{DECB20A6-6121-4F1C-B24D-11C4E7758BF7}.Ad-Hoc|iPhone.ActiveCfg = Debug|Any CPU
		{DECB20A6-6121-4F1C-B24D-11C4E7758BF7}.Ad-Hoc|iPhone.Build.0 = Debug|Any CPU
		{DECB20A6-6121-4F1C-B24D-11C4E7758BF7}.Ad-Hoc|iPhoneSimulator.ActiveCfg = Debug|Any CPU
		{DECB20A6-6121-4F1C-B24D-11C4E7758BF7}.Ad-Hoc|iPhoneSimulator.Build.0 = Debug|Any CPU
		{DECB20A6-6121-4F1C-B24D-11C4E7758BF7}.Ad-Hoc|Mixed Platforms.ActiveCfg = Debug|Any CPU
		{DECB20A6-6121-4F1C-B24D-11C4E7758BF7}.Ad-Hoc|Mixed Platforms.Build.0 = Debug|Any CPU
		{DECB20A6-6121-4F1C-B24D-11C4E7758BF7}.AppStore|Any CPU.ActiveCfg = Debug|Any CPU
		{DECB20A6-6121-4F1C-B24D-11C4E7758BF7}.AppStore|Any CPU.Build.0 = Debug|Any CPU
		{DECB20A6-6121-4F1C-B24D-11C4E7758BF7}.AppStore|iPhone.ActiveCfg = Debug|Any CPU
		{DECB20A6-6121-4F1C-B24D-11C4E7758BF7}.AppStore|iPhone.Build.0 = Debug|Any CPU
		{DECB20A6-6121-4F1C-B24D-11C4E7758BF7}.AppStore|iPhoneSimulator.ActiveCfg = Debug|Any CPU
		{DECB20A6-6121-4F1C-B24D-11C4E7758BF7}.AppStore|iPhoneSimulator.Build.0 = Debug|Any CPU
		{DECB20A6-6121-4F1C-B24D-11C4E7758BF7}.AppStore|Mixed Platforms.ActiveCfg = Debug|Any CPU
		{DECB20A6-6121-4F1C-B24D-11C4E7758BF7}.AppStore|Mixed Platforms.Build.0 = Debug|Any CPU
		{DECB20A6-6121-4F1C-B24D-11C4E7758BF7}.Debug|Any CPU.ActiveCfg = Debug|Any CPU
		{DECB20A6-6121-4F1C-B24D-11C4E7758BF7}.Debug|Any CPU.Build.0 = Debug|Any CPU
		{DECB20A6-6121-4F1C-B24D-11C4E7758BF7}.Debug|iPhone.ActiveCfg = Debug|Any CPU
		{DECB20A6-6121-4F1C-B24D-11C4E7758BF7}.Debug|iPhone.Build.0 = Debug|Any CPU
		{DECB20A6-6121-4F1C-B24D-11C4E7758BF7}.Debug|iPhoneSimulator.ActiveCfg = Debug|Any CPU
		{DECB20A6-6121-4F1C-B24D-11C4E7758BF7}.Debug|iPhoneSimulator.Build.0 = Debug|Any CPU
		{DECB20A6-6121-4F1C-B24D-11C4E7758BF7}.Debug|Mixed Platforms.ActiveCfg = Debug|Any CPU
		{DECB20A6-6121-4F1C-B24D-11C4E7758BF7}.Debug|Mixed Platforms.Build.0 = Debug|Any CPU
		{DECB20A6-6121-4F1C-B24D-11C4E7758BF7}.Release|Any CPU.ActiveCfg = Release|Any CPU
		{DECB20A6-6121-4F1C-B24D-11C4E7758BF7}.Release|Any CPU.Build.0 = Release|Any CPU
		{DECB20A6-6121-4F1C-B24D-11C4E7758BF7}.Release|iPhone.ActiveCfg = Release|Any CPU
		{DECB20A6-6121-4F1C-B24D-11C4E7758BF7}.Release|iPhone.Build.0 = Release|Any CPU
		{DECB20A6-6121-4F1C-B24D-11C4E7758BF7}.Release|iPhoneSimulator.ActiveCfg = Release|Any CPU
		{DECB20A6-6121-4F1C-B24D-11C4E7758BF7}.Release|iPhoneSimulator.Build.0 = Release|Any CPU
		{DECB20A6-6121-4F1C-B24D-11C4E7758BF7}.Release|Mixed Platforms.ActiveCfg = Release|Any CPU
		{DECB20A6-6121-4F1C-B24D-11C4E7758BF7}.Release|Mixed Platforms.Build.0 = Release|Any CPU
		{DECB20A6-6121-4F1C-B24D-11C4E7758BF7}.Trace|Any CPU.ActiveCfg = Debug|Any CPU
		{DECB20A6-6121-4F1C-B24D-11C4E7758BF7}.Trace|Any CPU.Build.0 = Debug|Any CPU
		{DECB20A6-6121-4F1C-B24D-11C4E7758BF7}.Trace|iPhone.ActiveCfg = Debug|Any CPU
		{DECB20A6-6121-4F1C-B24D-11C4E7758BF7}.Trace|iPhone.Build.0 = Debug|Any CPU
		{DECB20A6-6121-4F1C-B24D-11C4E7758BF7}.Trace|iPhoneSimulator.ActiveCfg = Debug|Any CPU
		{DECB20A6-6121-4F1C-B24D-11C4E7758BF7}.Trace|iPhoneSimulator.Build.0 = Debug|Any CPU
		{DECB20A6-6121-4F1C-B24D-11C4E7758BF7}.Trace|Mixed Platforms.ActiveCfg = Debug|Any CPU
		{DECB20A6-6121-4F1C-B24D-11C4E7758BF7}.Trace|Mixed Platforms.Build.0 = Debug|Any CPU
		{98338D11-C6A7-4632-8409-C7468325B429}.Ad-Hoc|Any CPU.ActiveCfg = Debug|Any CPU
		{98338D11-C6A7-4632-8409-C7468325B429}.Ad-Hoc|Any CPU.Build.0 = Debug|Any CPU
		{98338D11-C6A7-4632-8409-C7468325B429}.Ad-Hoc|iPhone.ActiveCfg = Debug|Any CPU
		{98338D11-C6A7-4632-8409-C7468325B429}.Ad-Hoc|iPhone.Build.0 = Debug|Any CPU
		{98338D11-C6A7-4632-8409-C7468325B429}.Ad-Hoc|iPhoneSimulator.ActiveCfg = Debug|Any CPU
		{98338D11-C6A7-4632-8409-C7468325B429}.Ad-Hoc|iPhoneSimulator.Build.0 = Debug|Any CPU
		{98338D11-C6A7-4632-8409-C7468325B429}.Ad-Hoc|Mixed Platforms.ActiveCfg = Debug|Any CPU
		{98338D11-C6A7-4632-8409-C7468325B429}.Ad-Hoc|Mixed Platforms.Build.0 = Debug|Any CPU
		{98338D11-C6A7-4632-8409-C7468325B429}.AppStore|Any CPU.ActiveCfg = Debug|Any CPU
		{98338D11-C6A7-4632-8409-C7468325B429}.AppStore|Any CPU.Build.0 = Debug|Any CPU
		{98338D11-C6A7-4632-8409-C7468325B429}.AppStore|iPhone.ActiveCfg = Debug|Any CPU
		{98338D11-C6A7-4632-8409-C7468325B429}.AppStore|iPhone.Build.0 = Debug|Any CPU
		{98338D11-C6A7-4632-8409-C7468325B429}.AppStore|iPhoneSimulator.ActiveCfg = Debug|Any CPU
		{98338D11-C6A7-4632-8409-C7468325B429}.AppStore|iPhoneSimulator.Build.0 = Debug|Any CPU
		{98338D11-C6A7-4632-8409-C7468325B429}.AppStore|Mixed Platforms.ActiveCfg = Debug|Any CPU
		{98338D11-C6A7-4632-8409-C7468325B429}.AppStore|Mixed Platforms.Build.0 = Debug|Any CPU
		{98338D11-C6A7-4632-8409-C7468325B429}.Debug|Any CPU.ActiveCfg = Debug|Any CPU
		{98338D11-C6A7-4632-8409-C7468325B429}.Debug|Any CPU.Build.0 = Debug|Any CPU
		{98338D11-C6A7-4632-8409-C7468325B429}.Debug|iPhone.ActiveCfg = Debug|Any CPU
		{98338D11-C6A7-4632-8409-C7468325B429}.Debug|iPhone.Build.0 = Debug|Any CPU
		{98338D11-C6A7-4632-8409-C7468325B429}.Debug|iPhoneSimulator.ActiveCfg = Debug|Any CPU
		{98338D11-C6A7-4632-8409-C7468325B429}.Debug|iPhoneSimulator.Build.0 = Debug|Any CPU
		{98338D11-C6A7-4632-8409-C7468325B429}.Debug|Mixed Platforms.ActiveCfg = Debug|Any CPU
		{98338D11-C6A7-4632-8409-C7468325B429}.Debug|Mixed Platforms.Build.0 = Debug|Any CPU
		{98338D11-C6A7-4632-8409-C7468325B429}.Release|Any CPU.ActiveCfg = Release|Any CPU
		{98338D11-C6A7-4632-8409-C7468325B429}.Release|Any CPU.Build.0 = Release|Any CPU
		{98338D11-C6A7-4632-8409-C7468325B429}.Release|iPhone.ActiveCfg = Release|Any CPU
		{98338D11-C6A7-4632-8409-C7468325B429}.Release|iPhone.Build.0 = Release|Any CPU
		{98338D11-C6A7-4632-8409-C7468325B429}.Release|iPhoneSimulator.ActiveCfg = Release|Any CPU
		{98338D11-C6A7-4632-8409-C7468325B429}.Release|iPhoneSimulator.Build.0 = Release|Any CPU
		{98338D11-C6A7-4632-8409-C7468325B429}.Release|Mixed Platforms.ActiveCfg = Release|Any CPU
		{98338D11-C6A7-4632-8409-C7468325B429}.Release|Mixed Platforms.Build.0 = Release|Any CPU
		{98338D11-C6A7-4632-8409-C7468325B429}.Trace|Any CPU.ActiveCfg = Debug|Any CPU
		{98338D11-C6A7-4632-8409-C7468325B429}.Trace|Any CPU.Build.0 = Debug|Any CPU
		{98338D11-C6A7-4632-8409-C7468325B429}.Trace|iPhone.ActiveCfg = Debug|Any CPU
		{98338D11-C6A7-4632-8409-C7468325B429}.Trace|iPhone.Build.0 = Debug|Any CPU
		{98338D11-C6A7-4632-8409-C7468325B429}.Trace|iPhoneSimulator.ActiveCfg = Debug|Any CPU
		{98338D11-C6A7-4632-8409-C7468325B429}.Trace|iPhoneSimulator.Build.0 = Debug|Any CPU
		{98338D11-C6A7-4632-8409-C7468325B429}.Trace|Mixed Platforms.ActiveCfg = Debug|Any CPU
		{98338D11-C6A7-4632-8409-C7468325B429}.Trace|Mixed Platforms.Build.0 = Debug|Any CPU
	EndGlobalSection
	GlobalSection(SolutionProperties) = preSolution
		HideSolutionNode = FALSE
	EndGlobalSection
	GlobalSection(ExtensibilityGlobals) = postSolution
		SolutionGuid = {5607D291-7BBA-4356-B3AB-BC730882B9AA}
	EndGlobalSection
EndGlobal
