
Microsoft Visual Studio Solution File, Format Version 12.00
# Visual Studio 14
VisualStudioVersion = 14.0.23107.0
MinimumVisualStudioVersion = 10.0.40219.1
Project("{FAE04EC0-301F-11D3-BF4B-00C04F79EFBC}") = "FreedomVoice.Android", "FreedomVoice.Android\FreedomVoice.Android.csproj", "{9C0FF7C1-4FA7-42C5-9362-C16BE53CC194}"
EndProject
Project("{FAE04EC0-301F-11D3-BF4B-00C04F79EFBC}") = "FreedomVoice.IOS", "FreedomVoice.IOS\FreedomVoice.IOS.csproj", "{38202486-C9C7-411E-9991-5B6A0E282588}"
EndProject
Project("{FAE04EC0-301F-11D3-BF4B-00C04F79EFBC}") = "FreedomVoice.Shared", "FreedomVoice.Shared\FreedomVoice.Shared.csproj", "{0FA94917-2DAE-42EF-A51E-A59D10BC896A}"
EndProject
Global
	GlobalSection(SolutionConfigurationPlatforms) = preSolution
		Ad-Hoc|Any CPU = Ad-Hoc|Any CPU
		Ad-Hoc|iPhone = Ad-Hoc|iPhone
		Ad-Hoc|iPhoneSimulator = Ad-Hoc|iPhoneSimulator
		AppStore|Any CPU = AppStore|Any CPU
		AppStore|iPhone = AppStore|iPhone
		AppStore|iPhoneSimulator = AppStore|iPhoneSimulator
		Debug|Any CPU = Debug|Any CPU
		Debug|iPhone = Debug|iPhone
		Debug|iPhoneSimulator = Debug|iPhoneSimulator
		Release|Any CPU = Release|Any CPU
		Release|iPhone = Release|iPhone
		Release|iPhoneSimulator = Release|iPhoneSimulator
	EndGlobalSection
	GlobalSection(ProjectConfigurationPlatforms) = postSolution
		{9C0FF7C1-4FA7-42C5-9362-C16BE53CC194}.Ad-Hoc|Any CPU.ActiveCfg = Release|Any CPU
		{9C0FF7C1-4FA7-42C5-9362-C16BE53CC194}.Ad-Hoc|Any CPU.Build.0 = Release|Any CPU
		{9C0FF7C1-4FA7-42C5-9362-C16BE53CC194}.Ad-Hoc|Any CPU.Deploy.0 = Release|Any CPU
		{9C0FF7C1-4FA7-42C5-9362-C16BE53CC194}.Ad-Hoc|iPhone.ActiveCfg = Release|Any CPU
		{9C0FF7C1-4FA7-42C5-9362-C16BE53CC194}.Ad-Hoc|iPhone.Build.0 = Release|Any CPU
		{9C0FF7C1-4FA7-42C5-9362-C16BE53CC194}.Ad-Hoc|iPhone.Deploy.0 = Release|Any CPU
		{9C0FF7C1-4FA7-42C5-9362-C16BE53CC194}.Ad-Hoc|iPhoneSimulator.ActiveCfg = Release|Any CPU
		{9C0FF7C1-4FA7-42C5-9362-C16BE53CC194}.Ad-Hoc|iPhoneSimulator.Build.0 = Release|Any CPU
		{9C0FF7C1-4FA7-42C5-9362-C16BE53CC194}.Ad-Hoc|iPhoneSimulator.Deploy.0 = Release|Any CPU
		{9C0FF7C1-4FA7-42C5-9362-C16BE53CC194}.AppStore|Any CPU.ActiveCfg = Release|Any CPU
		{9C0FF7C1-4FA7-42C5-9362-C16BE53CC194}.AppStore|Any CPU.Build.0 = Release|Any CPU
		{9C0FF7C1-4FA7-42C5-9362-C16BE53CC194}.AppStore|Any CPU.Deploy.0 = Release|Any CPU
		{9C0FF7C1-4FA7-42C5-9362-C16BE53CC194}.AppStore|iPhone.ActiveCfg = Release|Any CPU
		{9C0FF7C1-4FA7-42C5-9362-C16BE53CC194}.AppStore|iPhone.Build.0 = Release|Any CPU
		{9C0FF7C1-4FA7-42C5-9362-C16BE53CC194}.AppStore|iPhone.Deploy.0 = Release|Any CPU
		{9C0FF7C1-4FA7-42C5-9362-C16BE53CC194}.AppStore|iPhoneSimulator.ActiveCfg = Release|Any CPU
		{9C0FF7C1-4FA7-42C5-9362-C16BE53CC194}.AppStore|iPhoneSimulator.Build.0 = Release|Any CPU
		{9C0FF7C1-4FA7-42C5-9362-C16BE53CC194}.AppStore|iPhoneSimulator.Deploy.0 = Release|Any CPU
		{9C0FF7C1-4FA7-42C5-9362-C16BE53CC194}.Debug|Any CPU.ActiveCfg = Debug|Any CPU
		{9C0FF7C1-4FA7-42C5-9362-C16BE53CC194}.Debug|Any CPU.Build.0 = Debug|Any CPU
		{9C0FF7C1-4FA7-42C5-9362-C16BE53CC194}.Debug|Any CPU.Deploy.0 = Debug|Any CPU
		{9C0FF7C1-4FA7-42C5-9362-C16BE53CC194}.Debug|iPhone.ActiveCfg = Debug|Any CPU
		{9C0FF7C1-4FA7-42C5-9362-C16BE53CC194}.Debug|iPhone.Build.0 = Debug|Any CPU
		{9C0FF7C1-4FA7-42C5-9362-C16BE53CC194}.Debug|iPhone.Deploy.0 = Debug|Any CPU
		{9C0FF7C1-4FA7-42C5-9362-C16BE53CC194}.Debug|iPhoneSimulator.ActiveCfg = Debug|Any CPU
		{9C0FF7C1-4FA7-42C5-9362-C16BE53CC194}.Debug|iPhoneSimulator.Build.0 = Debug|Any CPU
		{9C0FF7C1-4FA7-42C5-9362-C16BE53CC194}.Debug|iPhoneSimulator.Deploy.0 = Debug|Any CPU
		{9C0FF7C1-4FA7-42C5-9362-C16BE53CC194}.Release|Any CPU.ActiveCfg = Release|Any CPU
		{9C0FF7C1-4FA7-42C5-9362-C16BE53CC194}.Release|Any CPU.Build.0 = Release|Any CPU
		{9C0FF7C1-4FA7-42C5-9362-C16BE53CC194}.Release|Any CPU.Deploy.0 = Release|Any CPU
		{9C0FF7C1-4FA7-42C5-9362-C16BE53CC194}.Release|iPhone.ActiveCfg = Release|Any CPU
		{9C0FF7C1-4FA7-42C5-9362-C16BE53CC194}.Release|iPhone.Build.0 = Release|Any CPU
		{9C0FF7C1-4FA7-42C5-9362-C16BE53CC194}.Release|iPhone.Deploy.0 = Release|Any CPU
		{9C0FF7C1-4FA7-42C5-9362-C16BE53CC194}.Release|iPhoneSimulator.ActiveCfg = Release|Any CPU
		{9C0FF7C1-4FA7-42C5-9362-C16BE53CC194}.Release|iPhoneSimulator.Build.0 = Release|Any CPU
		{9C0FF7C1-4FA7-42C5-9362-C16BE53CC194}.Release|iPhoneSimulator.Deploy.0 = Release|Any CPU
		{38202486-C9C7-411E-9991-5B6A0E282588}.Ad-Hoc|Any CPU.ActiveCfg = Ad-Hoc|iPhone
		{38202486-C9C7-411E-9991-5B6A0E282588}.Ad-Hoc|iPhone.ActiveCfg = Ad-Hoc|iPhone
		{38202486-C9C7-411E-9991-5B6A0E282588}.Ad-Hoc|iPhone.Build.0 = Ad-Hoc|iPhone
		{38202486-C9C7-411E-9991-5B6A0E282588}.Ad-Hoc|iPhoneSimulator.ActiveCfg = Ad-Hoc|iPhoneSimulator
		{38202486-C9C7-411E-9991-5B6A0E282588}.Ad-Hoc|iPhoneSimulator.Build.0 = Ad-Hoc|iPhoneSimulator
		{38202486-C9C7-411E-9991-5B6A0E282588}.AppStore|Any CPU.ActiveCfg = AppStore|iPhone
		{38202486-C9C7-411E-9991-5B6A0E282588}.AppStore|iPhone.ActiveCfg = AppStore|iPhone
		{38202486-C9C7-411E-9991-5B6A0E282588}.AppStore|iPhone.Build.0 = AppStore|iPhone
		{38202486-C9C7-411E-9991-5B6A0E282588}.AppStore|iPhoneSimulator.ActiveCfg = AppStore|iPhoneSimulator
		{38202486-C9C7-411E-9991-5B6A0E282588}.AppStore|iPhoneSimulator.Build.0 = AppStore|iPhoneSimulator
		{38202486-C9C7-411E-9991-5B6A0E282588}.Debug|Any CPU.ActiveCfg = Debug|iPhone
		{38202486-C9C7-411E-9991-5B6A0E282588}.Debug|iPhone.ActiveCfg = Debug|iPhone
		{38202486-C9C7-411E-9991-5B6A0E282588}.Debug|iPhone.Build.0 = Debug|iPhone
		{38202486-C9C7-411E-9991-5B6A0E282588}.Debug|iPhoneSimulator.ActiveCfg = Debug|iPhoneSimulator
		{38202486-C9C7-411E-9991-5B6A0E282588}.Debug|iPhoneSimulator.Build.0 = Debug|iPhoneSimulator
		{38202486-C9C7-411E-9991-5B6A0E282588}.Release|Any CPU.ActiveCfg = Release|iPhone
		{38202486-C9C7-411E-9991-5B6A0E282588}.Release|iPhone.ActiveCfg = Release|iPhone
		{38202486-C9C7-411E-9991-5B6A0E282588}.Release|iPhone.Build.0 = Release|iPhone
		{38202486-C9C7-411E-9991-5B6A0E282588}.Release|iPhoneSimulator.ActiveCfg = Release|iPhoneSimulator
		{38202486-C9C7-411E-9991-5B6A0E282588}.Release|iPhoneSimulator.Build.0 = Release|iPhoneSimulator
		{0FA94917-2DAE-42EF-A51E-A59D10BC896A}.Ad-Hoc|Any CPU.ActiveCfg = Release|Any CPU
		{0FA94917-2DAE-42EF-A51E-A59D10BC896A}.Ad-Hoc|Any CPU.Build.0 = Release|Any CPU
		{0FA94917-2DAE-42EF-A51E-A59D10BC896A}.Ad-Hoc|iPhone.ActiveCfg = Release|Any CPU
		{0FA94917-2DAE-42EF-A51E-A59D10BC896A}.Ad-Hoc|iPhone.Build.0 = Release|Any CPU
		{0FA94917-2DAE-42EF-A51E-A59D10BC896A}.Ad-Hoc|iPhoneSimulator.ActiveCfg = Release|Any CPU
		{0FA94917-2DAE-42EF-A51E-A59D10BC896A}.Ad-Hoc|iPhoneSimulator.Build.0 = Release|Any CPU
		{0FA94917-2DAE-42EF-A51E-A59D10BC896A}.AppStore|Any CPU.ActiveCfg = Release|Any CPU
		{0FA94917-2DAE-42EF-A51E-A59D10BC896A}.AppStore|Any CPU.Build.0 = Release|Any CPU
		{0FA94917-2DAE-42EF-A51E-A59D10BC896A}.AppStore|iPhone.ActiveCfg = Release|Any CPU
		{0FA94917-2DAE-42EF-A51E-A59D10BC896A}.AppStore|iPhone.Build.0 = Release|Any CPU
		{0FA94917-2DAE-42EF-A51E-A59D10BC896A}.AppStore|iPhoneSimulator.ActiveCfg = Release|Any CPU
		{0FA94917-2DAE-42EF-A51E-A59D10BC896A}.AppStore|iPhoneSimulator.Build.0 = Release|Any CPU
		{0FA94917-2DAE-42EF-A51E-A59D10BC896A}.Debug|Any CPU.ActiveCfg = Debug|Any CPU
		{0FA94917-2DAE-42EF-A51E-A59D10BC896A}.Debug|Any CPU.Build.0 = Debug|Any CPU
		{0FA94917-2DAE-42EF-A51E-A59D10BC896A}.Debug|iPhone.ActiveCfg = Debug|Any CPU
		{0FA94917-2DAE-42EF-A51E-A59D10BC896A}.Debug|iPhone.Build.0 = Debug|Any CPU
		{0FA94917-2DAE-42EF-A51E-A59D10BC896A}.Debug|iPhoneSimulator.ActiveCfg = Debug|Any CPU
		{0FA94917-2DAE-42EF-A51E-A59D10BC896A}.Debug|iPhoneSimulator.Build.0 = Debug|Any CPU
		{0FA94917-2DAE-42EF-A51E-A59D10BC896A}.Release|Any CPU.ActiveCfg = Release|Any CPU
		{0FA94917-2DAE-42EF-A51E-A59D10BC896A}.Release|Any CPU.Build.0 = Release|Any CPU
		{0FA94917-2DAE-42EF-A51E-A59D10BC896A}.Release|iPhone.ActiveCfg = Release|Any CPU
		{0FA94917-2DAE-42EF-A51E-A59D10BC896A}.Release|iPhone.Build.0 = Release|Any CPU
		{0FA94917-2DAE-42EF-A51E-A59D10BC896A}.Release|iPhoneSimulator.ActiveCfg = Release|Any CPU
		{0FA94917-2DAE-42EF-A51E-A59D10BC896A}.Release|iPhoneSimulator.Build.0 = Release|Any CPU
	EndGlobalSection
	GlobalSection(SolutionProperties) = preSolution
		HideSolutionNode = FALSE
	EndGlobalSection
EndGlobal
